// !$*UTF8*$!
{
	archiveVersion = 1;
	classes = {
	};
	objectVersion = 56;
	objects = {

/* Begin PBXBuildFile section */
		FB5BDA4CC44B4DCE873288BB /* MdirXApp.swift in Sources */ = {isa = PBXBuildFile; fileRef = 44ECD77AEF0F4181A0094F28; };
		A7367A0A771E48EF9D821446 /* ModelContainer.swift in Sources */ = {isa = PBXBuildFile; fileRef = 04FC3CD89D81481C91206AD4; };
		C3133B20232047B99185D74B /* DirectoryEntry.swift in Sources */ = {isa = PBXBuildFile; fileRef = 66149F310A97414CBA61CB54; };
		85E39C38A77140A7826E83EE /* FileSystemActor.swift in Sources */ = {isa = PBXBuildFile; fileRef = BABC75AD41BC45DFBCEAD8A4; };
		67902B3F360D44A1B0676501 /* VolumeService.swift in Sources */ = {isa = PBXBuildFile; fileRef = 1E133274EF0B4FE496651D46; };
		CBC815C96D2546FEA3F41FDF /* Tokens.swift in Sources */ = {isa = PBXBuildFile; fileRef = 4D257BD2853042F09C6BAE3C; };
		E5BDB9060CF7485DA06CFA0D /* AppSettings.swift in Sources */ = {isa = PBXBuildFile; fileRef = 112A87CE7271464FA895B193; };
		7CFF791DD94741A5BD35827B /* ColorSettings.swift in Sources */ = {isa = PBXBuildFile; fileRef = 7A5E1685E76F41DDAFF19EA2; };
		39CF1E8C67A847DBA21532E0 /* BrowserSession.swift in Sources */ = {isa = PBXBuildFile; fileRef = 0429933B63EA4886933349D4; };
		8D07FB4B5ADD4A1AA427A751 /* DualPaneView.swift in Sources */ = {isa = PBXBuildFile; fileRef = E9A71C1F31A04AA19D277D00; };
		684F6C5FE7FC494195779220 /* PaneState.swift in Sources */ = {isa = PBXBuildFile; fileRef = 3CBFD6DE28594BEBAECCA64F; };
		62082A26021C45AF9396C673 /* PaneColumnView.swift in Sources */ = {isa = PBXBuildFile; fileRef = CB20C6092A034A16B950552F; };
		C3D397C4CCC041A8B469C02F /* FileListView.swift in Sources */ = {isa = PBXBuildFile; fileRef = 9CAE30867DC14F48B6CE941D; };
		FAD039B1B9C3472CA6AAD886 /* PaneSummaryView.swift in Sources */ = {isa = PBXBuildFile; fileRef = 28346C236A674994A52D3718; };
		75229F660A5F4812AB0F2C4E /* PaneStatusBar.swift in Sources */ = {isa = PBXBuildFile; fileRef = EE49CD6608A54F65BD91C8A6; };
		2576777AC58345F4ABFEA2CB /* BreadcrumbView.swift in Sources */ = {isa = PBXBuildFile; fileRef = 14B89B1F3BFD4E9DA3EB375D; };
		3B95B5DC92F24E6C8F8AAE1B /* PaneHeaderView.swift in Sources */ = {isa = PBXBuildFile; fileRef = 93A36DD51BC74AE4A72A3D7C; };
		F65F6FE8C23648938B6B196A /* PaneRow.swift in Sources */ = {isa = PBXBuildFile; fileRef = 9870E1FB32004B478CC71D68; };
		D308EA219A3F4AD68183FA86 /* VolumeBadgeView.swift in Sources */ = {isa = PBXBuildFile; fileRef = 082392337F5C4C018998BCE1; };
		F184814B4C014F429DABB8EB /* Assets.xcassets in Resources */ = {isa = PBXBuildFile; fileRef = F0E1E771422B4DACA87B9A58; };
		E6DCC7EC385242C88C03445A /* en Localizable.strings in Resources */ = {isa = PBXBuildFile; fileRef = 83FFF53AB67E40F3AD55F53B; };
		3495C01056B146ACA5502DC2 /* ko Localizable.strings in Resources */ = {isa = PBXBuildFile; fileRef = 4D56CAFB31B8411A9A77E75F; };
		B9BF2B031BD44C84826858BB /* SmokeTests.swift in Sources */ = {isa = PBXBuildFile; fileRef = 02DCAFC2D2854B519B04C7DF; };
		CE8B4624FCA24A0BB17CCDFC /* BrowserSessionTests.swift in Sources */ = {isa = PBXBuildFile; fileRef = F49A8E30826D470B9207B5A2; };
		7D95278D3C1848D39403DB03 /* FileSystemActorTests.swift in Sources */ = {isa = PBXBuildFile; fileRef = 4B3AF9F51D7F4401B9316987; };
		6AE3D7DCD02E417A93C10C00 /* PaneStateTests.swift in Sources */ = {isa = PBXBuildFile; fileRef = 83FED45A30464D09A2619230; };
		A299B115793F42868ADB82BF /* BreadcrumbBreakdownTests.swift in Sources */ = {isa = PBXBuildFile; fileRef = 481C52786FB64FB2A62F214F; };
		4C2E90D7ADB74AC6863CA741 /* DoubleClickRoutingTests.swift in Sources */ = {isa = PBXBuildFile; fileRef = 33E35F47D8D94926BB57FF43; };
		27090E84C6D64141B38DF2D7 /* PaneCursorInitTests.swift in Sources */ = {isa = PBXBuildFile; fileRef = CB4DEDE8BD014455B8BC017D; };
		0FD3DBED08CD43D685888F37 /* PaneRowsTests.swift in Sources */ = {isa = PBXBuildFile; fileRef = FC5D7E121C564F8B97EC272D; };
		E8F0EEFA581A4A1BAEC6BEFD /* ParentLinkSynthesisTests.swift in Sources */ = {isa = PBXBuildFile; fileRef = EFC3E9A0098944798ACEF4E5; };
		4B0632F86E394B29A347DDCE /* AttrsFourCharacterTests.swift in Sources */ = {isa = PBXBuildFile; fileRef = F411725167374B8EB5C54651; };
		B51AE2AB2F164DD18645C928 /* TimeHHmmFormatTests.swift in Sources */ = {isa = PBXBuildFile; fileRef = C663E5815DDC4B179815CCE5; };
		2CC19A4A824D4E8285910F43 /* StatusBarFormatTests.swift in Sources */ = {isa = PBXBuildFile; fileRef = F6EC4E47FDEC4CCDAEC9AED0; };
		7061F9156492406AAD5AECA0 /* AppSettingsTests.swift in Sources */ = {isa = PBXBuildFile; fileRef = 9F399A244DEE4EC8AA7FED43; };
		1BB9654B22C5456EB967C969 /* LaunchTests.swift in Sources */ = {isa = PBXBuildFile; fileRef = EC3AB984A4424A6389FC46BD; };
		C289E054A26C489A95081DCE /* DualPaneTabToggleTests.swift in Sources */ = {isa = PBXBuildFile; fileRef = BA724C035FEE4EA88181F517; };
		5DCEE45F00214FD0BFF1EA85 /* FileListNavigationTests.swift in Sources */ = {isa = PBXBuildFile; fileRef = A6293278A47149B2A027FAAF; };
		480F0E5DDB944E0488F7481D /* MouseActivationAndDoubleClickTests.swift in Sources */ = {isa = PBXBuildFile; fileRef = 29593406A34341AA99AA0CEC; };
		2471564C5DA847DCA28E9232 /* ParentLinkVisibleTests.swift in Sources */ = {isa = PBXBuildFile; fileRef = DF1E9FE5B2714FFA87445CC0; };
		653F64D5BD35453E800180AA /* NexusLookExactTests.swift in Sources */ = {isa = PBXBuildFile; fileRef = 478ED1354B3E43EFB96F52FF; };
/* End PBXBuildFile section */

/* Begin PBXFileReference section */
		E979791D14654F498185E9C4 /* MdirX.app */ = {isa = PBXFileReference; explicitFileType = wrapper.application; includeInIndex = 0; path = MdirX.app; sourceTree = BUILT_PRODUCTS_DIR; };
		A879A8EC00404B009B15E524 /* MdirXTests.xctest */ = {isa = PBXFileReference; explicitFileType = wrapper.cfbundle; includeInIndex = 0; path = MdirXTests.xctest; sourceTree = BUILT_PRODUCTS_DIR; };
		CE997D6020D64E97B5EBFB90 /* MdirXUITests.xctest */ = {isa = PBXFileReference; explicitFileType = wrapper.cfbundle; includeInIndex = 0; path = MdirXUITests.xctest; sourceTree = BUILT_PRODUCTS_DIR; };
		44ECD77AEF0F4181A0094F28 /* MdirXApp.swift */ = {isa = PBXFileReference; lastKnownFileType = sourcecode.swift; path = MdirXApp.swift; sourceTree = "<group>"; };
		04FC3CD89D81481C91206AD4 /* ModelContainer.swift */ = {isa = PBXFileReference; lastKnownFileType = sourcecode.swift; path = ModelContainer.swift; sourceTree = "<group>"; };
		66149F310A97414CBA61CB54 /* DirectoryEntry.swift */ = {isa = PBXFileReference; lastKnownFileType = sourcecode.swift; path = DirectoryEntry.swift; sourceTree = "<group>"; };
		BABC75AD41BC45DFBCEAD8A4 /* FileSystemActor.swift */ = {isa = PBXFileReference; lastKnownFileType = sourcecode.swift; path = FileSystemActor.swift; sourceTree = "<group>"; };
		1E133274EF0B4FE496651D46 /* VolumeService.swift */ = {isa = PBXFileReference; lastKnownFileType = sourcecode.swift; path = VolumeService.swift; sourceTree = "<group>"; };
		4D257BD2853042F09C6BAE3C /* Tokens.swift */ = {isa = PBXFileReference; lastKnownFileType = sourcecode.swift; path = Tokens.swift; sourceTree = "<group>"; };
		112A87CE7271464FA895B193 /* AppSettings.swift */ = {isa = PBXFileReference; lastKnownFileType = sourcecode.swift; path = AppSettings.swift; sourceTree = "<group>"; };
		7A5E1685E76F41DDAFF19EA2 /* ColorSettings.swift */ = {isa = PBXFileReference; lastKnownFileType = sourcecode.swift; path = ColorSettings.swift; sourceTree = "<group>"; };
		0429933B63EA4886933349D4 /* BrowserSession.swift */ = {isa = PBXFileReference; lastKnownFileType = sourcecode.swift; path = BrowserSession.swift; sourceTree = "<group>"; };
		E9A71C1F31A04AA19D277D00 /* DualPaneView.swift */ = {isa = PBXFileReference; lastKnownFileType = sourcecode.swift; path = DualPaneView.swift; sourceTree = "<group>"; };
		3CBFD6DE28594BEBAECCA64F /* PaneState.swift */ = {isa = PBXFileReference; lastKnownFileType = sourcecode.swift; path = PaneState.swift; sourceTree = "<group>"; };
		CB20C6092A034A16B950552F /* PaneColumnView.swift */ = {isa = PBXFileReference; lastKnownFileType = sourcecode.swift; path = PaneColumnView.swift; sourceTree = "<group>"; };
		9CAE30867DC14F48B6CE941D /* FileListView.swift */ = {isa = PBXFileReference; lastKnownFileType = sourcecode.swift; path = FileListView.swift; sourceTree = "<group>"; };
		28346C236A674994A52D3718 /* PaneSummaryView.swift */ = {isa = PBXFileReference; lastKnownFileType = sourcecode.swift; path = PaneSummaryView.swift; sourceTree = "<group>"; };
		EE49CD6608A54F65BD91C8A6 /* PaneStatusBar.swift */ = {isa = PBXFileReference; lastKnownFileType = sourcecode.swift; path = PaneStatusBar.swift; sourceTree = "<group>"; };
		14B89B1F3BFD4E9DA3EB375D /* BreadcrumbView.swift */ = {isa = PBXFileReference; lastKnownFileType = sourcecode.swift; path = BreadcrumbView.swift; sourceTree = "<group>"; };
		93A36DD51BC74AE4A72A3D7C /* PaneHeaderView.swift */ = {isa = PBXFileReference; lastKnownFileType = sourcecode.swift; path = PaneHeaderView.swift; sourceTree = "<group>"; };
		9870E1FB32004B478CC71D68 /* PaneRow.swift */ = {isa = PBXFileReference; lastKnownFileType = sourcecode.swift; path = PaneRow.swift; sourceTree = "<group>"; };
		082392337F5C4C018998BCE1 /* VolumeBadgeView.swift */ = {isa = PBXFileReference; lastKnownFileType = sourcecode.swift; path = VolumeBadgeView.swift; sourceTree = "<group>"; };
		02DCAFC2D2854B519B04C7DF /* SmokeTests.swift */ = {isa = PBXFileReference; lastKnownFileType = sourcecode.swift; path = SmokeTests.swift; sourceTree = "<group>"; };
		F49A8E30826D470B9207B5A2 /* BrowserSessionTests.swift */ = {isa = PBXFileReference; lastKnownFileType = sourcecode.swift; path = BrowserSessionTests.swift; sourceTree = "<group>"; };
		4B3AF9F51D7F4401B9316987 /* FileSystemActorTests.swift */ = {isa = PBXFileReference; lastKnownFileType = sourcecode.swift; path = FileSystemActorTests.swift; sourceTree = "<group>"; };
		83FED45A30464D09A2619230 /* PaneStateTests.swift */ = {isa = PBXFileReference; lastKnownFileType = sourcecode.swift; path = PaneStateTests.swift; sourceTree = "<group>"; };
		481C52786FB64FB2A62F214F /* BreadcrumbBreakdownTests.swift */ = {isa = PBXFileReference; lastKnownFileType = sourcecode.swift; path = BreadcrumbBreakdownTests.swift; sourceTree = "<group>"; };
		33E35F47D8D94926BB57FF43 /* DoubleClickRoutingTests.swift */ = {isa = PBXFileReference; lastKnownFileType = sourcecode.swift; path = DoubleClickRoutingTests.swift; sourceTree = "<group>"; };
		CB4DEDE8BD014455B8BC017D /* PaneCursorInitTests.swift */ = {isa = PBXFileReference; lastKnownFileType = sourcecode.swift; path = PaneCursorInitTests.swift; sourceTree = "<group>"; };
		FC5D7E121C564F8B97EC272D /* PaneRowsTests.swift */ = {isa = PBXFileReference; lastKnownFileType = sourcecode.swift; path = PaneRowsTests.swift; sourceTree = "<group>"; };
		EFC3E9A0098944798ACEF4E5 /* ParentLinkSynthesisTests.swift */ = {isa = PBXFileReference; lastKnownFileType = sourcecode.swift; path = ParentLinkSynthesisTests.swift; sourceTree = "<group>"; };
		F411725167374B8EB5C54651 /* AttrsFourCharacterTests.swift */ = {isa = PBXFileReference; lastKnownFileType = sourcecode.swift; path = AttrsFourCharacterTests.swift; sourceTree = "<group>"; };
		C663E5815DDC4B179815CCE5 /* TimeHHmmFormatTests.swift */ = {isa = PBXFileReference; lastKnownFileType = sourcecode.swift; path = TimeHHmmFormatTests.swift; sourceTree = "<group>"; };
		F6EC4E47FDEC4CCDAEC9AED0 /* StatusBarFormatTests.swift */ = {isa = PBXFileReference; lastKnownFileType = sourcecode.swift; path = StatusBarFormatTests.swift; sourceTree = "<group>"; };
		9F399A244DEE4EC8AA7FED43 /* AppSettingsTests.swift */ = {isa = PBXFileReference; lastKnownFileType = sourcecode.swift; path = AppSettingsTests.swift; sourceTree = "<group>"; };
		EC3AB984A4424A6389FC46BD /* LaunchTests.swift */ = {isa = PBXFileReference; lastKnownFileType = sourcecode.swift; path = LaunchTests.swift; sourceTree = "<group>"; };
		BA724C035FEE4EA88181F517 /* DualPaneTabToggleTests.swift */ = {isa = PBXFileReference; lastKnownFileType = sourcecode.swift; path = DualPaneTabToggleTests.swift; sourceTree = "<group>"; };
		A6293278A47149B2A027FAAF /* FileListNavigationTests.swift */ = {isa = PBXFileReference; lastKnownFileType = sourcecode.swift; path = FileListNavigationTests.swift; sourceTree = "<group>"; };
		29593406A34341AA99AA0CEC /* MouseActivationAndDoubleClickTests.swift */ = {isa = PBXFileReference; lastKnownFileType = sourcecode.swift; path = MouseActivationAndDoubleClickTests.swift; sourceTree = "<group>"; };
		DF1E9FE5B2714FFA87445CC0 /* ParentLinkVisibleTests.swift */ = {isa = PBXFileReference; lastKnownFileType = sourcecode.swift; path = ParentLinkVisibleTests.swift; sourceTree = "<group>"; };
		478ED1354B3E43EFB96F52FF /* NexusLookExactTests.swift */ = {isa = PBXFileReference; lastKnownFileType = sourcecode.swift; path = NexusLookExactTests.swift; sourceTree = "<group>"; };
		F0E1E771422B4DACA87B9A58 /* Assets.xcassets */ = {isa = PBXFileReference; lastKnownFileType = folder.assetcatalog; path = Assets.xcassets; sourceTree = "<group>"; };
		C8E87C290ECA4DCBB5F894EB /* MdirX.entitlements */ = {isa = PBXFileReference; lastKnownFileType = text.plist.entitlements; path = MdirX.entitlements; sourceTree = "<group>"; };
		83FFF53AB67E40F3AD55F53B /* en/Localizable.strings */ = {isa = PBXFileReference; lastKnownFileType = text.plist.strings; name = Localizable.strings; path = Localization/en.lproj/Localizable.strings; sourceTree = "<group>"; };
		4D56CAFB31B8411A9A77E75F /* ko/Localizable.strings */ = {isa = PBXFileReference; lastKnownFileType = text.plist.strings; name = Localizable.strings; path = Localization/ko.lproj/Localizable.strings; sourceTree = "<group>"; };
/* End PBXFileReference section */

/* Begin PBXFrameworksBuildPhase section */
		610EED4971964FEB93E68479 = {isa = PBXFrameworksBuildPhase; buildActionMask = 2147483647; files = (); runOnlyForDeploymentPostprocessing = 0; };
		898AF39B2D8C46ED85DA320E = {isa = PBXFrameworksBuildPhase; buildActionMask = 2147483647; files = (); runOnlyForDeploymentPostprocessing = 0; };
		7CA8A32DD3EB44019AA510F8 = {isa = PBXFrameworksBuildPhase; buildActionMask = 2147483647; files = (); runOnlyForDeploymentPostprocessing = 0; };
/* End PBXFrameworksBuildPhase section */

/* Begin PBXGroup section */
		5C5F82F5D29D488CA92F9178 = {
			isa = PBXGroup;
			children = (
				66450F64F95749F09ACF02C4 /* App */,
				E37B09EA86904FB7A6E69C28 /* Features */,
				0B68BF82532047C7806286A0 /* Core */,
				A17DE3F4D8604D19AAB38DBC /* DesignSystem */,
				31C0B5E386DC4EE5B17401FF /* Resources */,
				65D3E4B7C38C4BEDB8A93939 /* Tests */,
				40CF3BC263014D03BB2EDF4E /* MdirX */,
				1719EAF74D8C4A299E3C3E02 /* Products */,
			);
			sourceTree = "<group>";
		};
		1719EAF74D8C4A299E3C3E02 /* Products */ = {
			isa = PBXGroup;
			children = (
				E979791D14654F498185E9C4 /* MdirX.app */,
				A879A8EC00404B009B15E524 /* MdirXTests.xctest */,
				CE997D6020D64E97B5EBFB90 /* MdirXUITests.xctest */,
			);
			name = Products;
			sourceTree = "<group>";
		};
		66450F64F95749F09ACF02C4 /* App */ = {
			isa = PBXGroup;
			children = (44ECD77AEF0F4181A0094F28);
			path = App;
			sourceTree = "<group>";
		};
		A17DE3F4D8604D19AAB38DBC /* DesignSystem */ = {
			isa = PBXGroup;
			children = (4D257BD2853042F09C6BAE3C);
			path = DesignSystem;
			sourceTree = "<group>";
		};
		E37B09EA86904FB7A6E69C28 /* Features */ = {
			isa = PBXGroup;
			children = (
				4C736336A43B419F93E82457 /* DualPane */,
				07A16F7AFA394CAEA2EAED51 /* Pane */,
			);
			path = Features;
			sourceTree = "<group>";
		};
		4C736336A43B419F93E82457 /* DualPane */ = {
			isa = PBXGroup;
			children = (
				0429933B63EA4886933349D4,
				3CBFD6DE28594BEBAECCA64F,
				E9A71C1F31A04AA19D277D00,
			);
			path = DualPane;
			sourceTree = "<group>";
		};
		07A16F7AFA394CAEA2EAED51 /* Pane */ = {
			isa = PBXGroup;
			children = (
				14B89B1F3BFD4E9DA3EB375D,
				9CAE30867DC14F48B6CE941D,
				CB20C6092A034A16B950552F,
				93A36DD51BC74AE4A72A3D7C,
				9870E1FB32004B478CC71D68,
				EE49CD6608A54F65BD91C8A6,
				28346C236A674994A52D3718,
				082392337F5C4C018998BCE1,
			);
			path = Pane;
			sourceTree = "<group>";
		};
		0B68BF82532047C7806286A0 /* Core */ = {
			isa = PBXGroup;
			children = (
				F7AAE5E25D4F44A095A57D20,
				480CB62E1DFC4547909F175F,
				F577DDD1455440E99255F1C3,
				A5E275B2A15A40D8A120011D,
			);
			path = Core;
			sourceTree = "<group>";
		};
		F7AAE5E25D4F44A095A57D20 /* Persistence */ = {
			isa = PBXGroup;
			children = (04FC3CD89D81481C91206AD4);
			path = Persistence;
			sourceTree = "<group>";
		};
		480CB62E1DFC4547909F175F /* FileSystem */ = {
			isa = PBXGroup;
			children = (
				66149F310A97414CBA61CB54,
				BABC75AD41BC45DFBCEAD8A4,
			);
			path = FileSystem;
			sourceTree = "<group>";
		};
		F577DDD1455440E99255F1C3 /* Volumes */ = {
			isa = PBXGroup;
			children = (1E133274EF0B4FE496651D46);
			path = Volumes;
			sourceTree = "<group>";
		};
		A5E275B2A15A40D8A120011D /* Settings */ = {
			isa = PBXGroup;
			children = (
				112A87CE7271464FA895B193,
				7A5E1685E76F41DDAFF19EA2,
			);
			path = Settings;
			sourceTree = "<group>";
		};
		31C0B5E386DC4EE5B17401FF /* Resources */ = {
			isa = PBXGroup;
			children = (
				F0E1E771422B4DACA87B9A58,
				83FFF53AB67E40F3AD55F53B,
				4D56CAFB31B8411A9A77E75F,
			);
			path = Resources;
			sourceTree = "<group>";
		};
		65D3E4B7C38C4BEDB8A93939 /* Tests */ = {
			isa = PBXGroup;
			children = (
				F6551E1A73BB4DC3A7E4BF66 /* UnitTests */,
				06FC166E630943D0B94B4B26 /* UITests */,
			);
			path = Tests;
			sourceTree = "<group>";
		};
		F6551E1A73BB4DC3A7E4BF66 /* UnitTests */ = {
			isa = PBXGroup;
			children = (
				02DCAFC2D2854B519B04C7DF,
				F49A8E30826D470B9207B5A2,
				4B3AF9F51D7F4401B9316987,
				83FED45A30464D09A2619230,
				481C52786FB64FB2A62F214F,
				33E35F47D8D94926BB57FF43,
				CB4DEDE8BD014455B8BC017D,
				FC5D7E121C564F8B97EC272D,
				EFC3E9A0098944798ACEF4E5,
				F411725167374B8EB5C54651,
				C663E5815DDC4B179815CCE5,
				F6EC4E47FDEC4CCDAEC9AED0,
				9F399A244DEE4EC8AA7FED43,
			);
			path = UnitTests;
			sourceTree = "<group>";
		};
		06FC166E630943D0B94B4B26 /* UITests */ = {
			isa = PBXGroup;
			children = (
				EC3AB984A4424A6389FC46BD,
				BA724C035FEE4EA88181F517,
				A6293278A47149B2A027FAAF,
				29593406A34341AA99AA0CEC,
				DF1E9FE5B2714FFA87445CC0,
				478ED1354B3E43EFB96F52FF,
			);
			path = UITests;
			sourceTree = "<group>";
		};
		40CF3BC263014D03BB2EDF4E /* MdirX */ = {
			isa = PBXGroup;
			children = (C8E87C290ECA4DCBB5F894EB);
			path = MdirX;
			sourceTree = "<group>";
		};
/* End PBXGroup section */

/* Begin PBXNativeTarget section */
		2EE6DC5DE25E4AEF8ABB592E /* MdirX */ = {
			isa = PBXNativeTarget;
			buildConfigurationList = 2B223F114F8249E6BB954C78;
			buildPhases = (7B9DCC8E17884B0A862B8415, 610EED4971964FEB93E68479, 1904829D76BA429A969246E6);
			buildRules = ();
			dependencies = ();
			name = MdirX;
			productName = MdirX;
			productReference = E979791D14654F498185E9C4;
			productType = "com.apple.product-type.application";
		};
		AE004941BD5A498299E4B91F /* MdirXTests */ = {
			isa = PBXNativeTarget;
			buildConfigurationList = 11A8BD7DA228494C87A51CD1;
			buildPhases = (5DF4CCD6B1BF4E83B79C8C74, 898AF39B2D8C46ED85DA320E);
			buildRules = ();
			dependencies = (CA46153E28F34B169BBDD849);
			name = MdirXTests;
			productName = MdirXTests;
			productReference = A879A8EC00404B009B15E524;
			productType = "com.apple.product-type.bundle.unit-test";
		};
		C7A3C474B4AB4199B168AC2D /* MdirXUITests */ = {
			isa = PBXNativeTarget;
			buildConfigurationList = E6EE373CD447457D8195DF1C;
			buildPhases = (A4FD1B3E4C4A457C86B2561C, 7CA8A32DD3EB44019AA510F8);
			buildRules = ();
			dependencies = (FBF8CF85A6D54EB3931892C3);
			name = MdirXUITests;
			productName = MdirXUITests;
			productReference = CE997D6020D64E97B5EBFB90;
			productType = "com.apple.product-type.bundle.ui-testing";
		};
/* End PBXNativeTarget section */

/* Begin PBXProject section */
		181C693776D9480698FCB7A3 /* Project object */ = {
			isa = PBXProject;
			attributes = {
				BuildIndependentTargetsInParallel = 1;
				LastSwiftUpdateCheck = 1600;
				LastUpgradeCheck = 1600;
				TargetAttributes = {
					2EE6DC5DE25E4AEF8ABB592E = { CreatedOnToolsVersion = 16.0; };
					AE004941BD5A498299E4B91F = { CreatedOnToolsVersion = 16.0; TestTargetID = 2EE6DC5DE25E4AEF8ABB592E; };
					C7A3C474B4AB4199B168AC2D = { CreatedOnToolsVersion = 16.0; TestTargetID = 2EE6DC5DE25E4AEF8ABB592E; };
				};
			};
			buildConfigurationList = 3A4251772905403D943B28E9;
			compatibilityVersion = "Xcode 14.0";
			developmentRegion = en;
			hasScannedForEncodings = 0;
			knownRegions = (en, ko, Base);
			mainGroup = 5C5F82F5D29D488CA92F9178;
			productRefGroup = 1719EAF74D8C4A299E3C3E02;
			projectDirPath = "";
			projectRoot = "";
			targets = (2EE6DC5DE25E4AEF8ABB592E, AE004941BD5A498299E4B91F, C7A3C474B4AB4199B168AC2D);
		};
/* End PBXProject section */

/* Begin PBXResourcesBuildPhase section */
		1904829D76BA429A969246E6 = {
			isa = PBXResourcesBuildPhase;
			buildActionMask = 2147483647;
			files = (
				F184814B4C014F429DABB8EB,
				E6DCC7EC385242C88C03445A,
				3495C01056B146ACA5502DC2,
			);
			runOnlyForDeploymentPostprocessing = 0;
		};
/* End PBXResourcesBuildPhase section */

/* Begin PBXSourcesBuildPhase section */
		7B9DCC8E17884B0A862B8415 /* App Sources */ = {
			isa = PBXSourcesBuildPhase;
			buildActionMask = 2147483647;
			files = (
				FB5BDA4CC44B4DCE873288BB,
				A7367A0A771E48EF9D821446,
				C3133B20232047B99185D74B,
				85E39C38A77140A7826E83EE,
				67902B3F360D44A1B0676501,
				CBC815C96D2546FEA3F41FDF,
				E5BDB9060CF7485DA06CFA0D,
				7CFF791DD94741A5BD35827B,
				39CF1E8C67A847DBA21532E0,
				684F6C5FE7FC494195779220,
				8D07FB4B5ADD4A1AA427A751,
				2576777AC58345F4ABFEA2CB,
				C3D397C4CCC041A8B469C02F,
				62082A26021C45AF9396C673,
				3B95B5DC92F24E6C8F8AAE1B,
				F65F6FE8C23648938B6B196A,
				75229F660A5F4812AB0F2C4E,
				FAD039B1B9C3472CA6AAD886,
				D308EA219A3F4AD68183FA86,
			);
			runOnlyForDeploymentPostprocessing = 0;
		};
		5DF4CCD6B1BF4E83B79C8C74 /* Unit Test Sources */ = {
			isa = PBXSourcesBuildPhase;
			buildActionMask = 2147483647;
			files = (
				B9BF2B031BD44C84826858BB,
				CE8B4624FCA24A0BB17CCDFC,
				7D95278D3C1848D39403DB03,
				6AE3D7DCD02E417A93C10C00,
				A299B115793F42868ADB82BF,
				4C2E90D7ADB74AC6863CA741,
				27090E84C6D64141B38DF2D7,
				0FD3DBED08CD43D685888F37,
				E8F0EEFA581A4A1BAEC6BEFD,
				4B0632F86E394B29A347DDCE,
				B51AE2AB2F164DD18645C928,
				2CC19A4A824D4E8285910F43,
			);
			runOnlyForDeploymentPostprocessing = 0;
		};
		A4FD1B3E4C4A457C86B2561C /* UI Test Sources */ = {
			isa = PBXSourcesBuildPhase;
			buildActionMask = 2147483647;
			files = (
				1BB9654B22C5456EB967C969,
				C289E054A26C489A95081DCE,
				5DCEE45F00214FD0BFF1EA85,
				480F0E5DDB944E0488F7481D,
				2471564C5DA847DCA28E9232,
				653F64D5BD35453E800180AA,
			);
			runOnlyForDeploymentPostprocessing = 0;
		};
/* End PBXSourcesBuildPhase section */

/* Begin PBXTargetDependency section */
		CA46153E28F34B169BBDD849 = {isa = PBXTargetDependency; target = 2EE6DC5DE25E4AEF8ABB592E; targetProxy = AA697A8CF18D4B32BBE497B1; };
		FBF8CF85A6D54EB3931892C3 = {isa = PBXTargetDependency; target = 2EE6DC5DE25E4AEF8ABB592E; targetProxy = 58D62D986FAD4608B42E294F; };
/* End PBXTargetDependency section */

/* Begin PBXContainerItemProxy section */
		AA697A8CF18D4B32BBE497B1 = {isa = PBXContainerItemProxy; containerPortal = 181C693776D9480698FCB7A3; proxyType = 1; remoteGlobalIDString = 2EE6DC5DE25E4AEF8ABB592E; remoteInfo = MdirX; };
		58D62D986FAD4608B42E294F = {isa = PBXContainerItemProxy; containerPortal = 181C693776D9480698FCB7A3; proxyType = 1; remoteGlobalIDString = 2EE6DC5DE25E4AEF8ABB592E; remoteInfo = MdirX; };
/* End PBXContainerItemProxy section */

/* Begin XCBuildConfiguration section */
		71941C29E9DE4387A2EADCC6 /* Debug */ = {
			isa = XCBuildConfiguration;
			buildSettings = {
				ASETCATALOG_COMPILER_APPICON_NAME = AppIcon;
				CODE_SIGN_ENTITLEMENTS = MdirX/MdirX.entitlements;
				CODE_SIGN_STYLE = Automatic;
				COMBINE_HIDPI_IMAGES = YES;
				CURRENT_PROJECT_VERSION = 1;
				DEAD_CODE_STRIPPING = YES;
				DEVELOPMENT_TEAM = "";
				ENABLE_HARDENED_RUNTIME = YES;
				ENABLE_PREVIEWS = NO;
				GENERATE_INFOPLIST_FILE = YES;
				INFOPLIST_KEY_CFBundleDisplayName = MdirX;
				INFOPLIST_KEY_LSApplicationCategoryType = "public.app-category.utilities";
				LD_RUNPATH_SEARCH_PATHS = ("$(inherited)", "@executable_path/../Frameworks");
				MACOSX_DEPLOYMENT_TARGET = 15.0;
				MARKETING_VERSION = 0.1.0;
				PRODUCT_BUNDLE_IDENTIFIER = app.mdirx.mac;
				PRODUCT_NAME = "$(TARGET_NAME)";
				SWIFT_EMIT_LOC_STRINGS = YES;
				SWIFT_STRICT_CONCURRENCY = complete;
				SWIFT_VERSION = 6.0;
				CONFIGURATION_BUILD_DIR = "$(SRCROOT)/dist";
			};
			name = Debug;
		};
		3675F4D2FA8444C8AB6D8D76 /* Release */ = {
			isa = XCBuildConfiguration;
			buildSettings = {
				ASETCATALOG_COMPILER_APPICON_NAME = AppIcon;
				CODE_SIGN_ENTITLEMENTS = MdirX/MdirX.entitlements;
				CODE_SIGN_STYLE = Automatic;
				COMBINE_HIDPI_IMAGES = YES;
				CURRENT_PROJECT_VERSION = 1;
				DEAD_CODE_STRIPPING = YES;
				DEVELOPMENT_TEAM = "";
				ENABLE_HARDENED_RUNTIME = YES;
				ENABLE_PREVIEWS = NO;
				GENERATE_INFOPLIST_FILE = YES;
				INFOPLIST_KEY_CFBundleDisplayName = MdirX;
				INFOPLIST_KEY_LSApplicationCategoryType = "public.app-category.utilities";
				LD_RUNPATH_SEARCH_PATHS = ("$(inherited)", "@executable_path/../Frameworks");
				ARCHS = (arm64, x86_64);
				MACOSX_DEPLOYMENT_TARGET = 15.0;
				MARKETING_VERSION = 0.1.0;
				PRODUCT_BUNDLE_IDENTIFIER = app.mdirx.mac;
				PRODUCT_NAME = "$(TARGET_NAME)";
				SWIFT_EMIT_LOC_STRINGS = YES;
				SWIFT_STRICT_CONCURRENCY = complete;
				SWIFT_VERSION = 6.0;
				CONFIGURATION_BUILD_DIR = "$(SRCROOT)/dist";
			};
			name = Release;
		};
		B8A3DDBE172C4F06B7D35030 /* Debug */ = {
			isa = XCBuildConfiguration;
			buildSettings = {
				BUNDLE_LOADER = "$(TEST_HOST)";
				CODE_SIGN_STYLE = Automatic;
				CURRENT_PROJECT_VERSION = 1;
				DEVELOPMENT_TEAM = "";
				GENERATE_INFOPLIST_FILE = YES;
				MACOSX_DEPLOYMENT_TARGET = 15.0;
				MARKETING_VERSION = 0.1.0;
				PRODUCT_BUNDLE_IDENTIFIER = app.mdirx.mac.tests;
				PRODUCT_NAME = "$(TARGET_NAME)";
				SWIFT_STRICT_CONCURRENCY = complete;
				SWIFT_VERSION = 6.0;
				TEST_HOST = "$(BUILT_PRODUCTS_DIR)/MdirX.app/$(BUNDLE_EXECUTABLE_FOLDER_PATH)/MdirX";
			};
			name = Debug;
		};
		AE8F82E14057477D9AC66D08 /* Release */ = {
			isa = XCBuildConfiguration;
			buildSettings = {
				BUNDLE_LOADER = "$(TEST_HOST)";
				CODE_SIGN_STYLE = Automatic;
				CURRENT_PROJECT_VERSION = 1;
				DEVELOPMENT_TEAM = "";
				GENERATE_INFOPLIST_FILE = YES;
				ARCHS = (arm64, x86_64);
				MACOSX_DEPLOYMENT_TARGET = 15.0;
				MARKETING_VERSION = 0.1.0;
				PRODUCT_BUNDLE_IDENTIFIER = app.mdirx.mac.tests;
				PRODUCT_NAME = "$(TARGET_NAME)";
				SWIFT_STRICT_CONCURRENCY = complete;
				SWIFT_VERSION = 6.0;
				TEST_HOST = "$(BUILT_PRODUCTS_DIR)/MdirX.app/$(BUNDLE_EXECUTABLE_FOLDER_PATH)/MdirX";
			};
			name = Release;
		};
		768C89ECAB1946E1A3C95F0A /* Debug */ = {
			isa = XCBuildConfiguration;
			buildSettings = {
				CODE_SIGN_STYLE = Automatic;
				CURRENT_PROJECT_VERSION = 1;
				DEVELOPMENT_TEAM = "";
				GENERATE_INFOPLIST_FILE = YES;
				MACOSX_DEPLOYMENT_TARGET = 15.0;
				MARKETING_VERSION = 0.1.0;
				PRODUCT_BUNDLE_IDENTIFIER = app.mdirx.mac.uitests;
				PRODUCT_NAME = "$(TARGET_NAME)";
				SWIFT_STRICT_CONCURRENCY = complete;
				SWIFT_VERSION = 6.0;
				TEST_TARGET_NAME = MdirX;
			};
			name = Debug;
		};
		3211116C5DBF44C5812B0877 /* Release */ = {
			isa = XCBuildConfiguration;
			buildSettings = {
				CODE_SIGN_STYLE = Automatic;
				CURRENT_PROJECT_VERSION = 1;
				DEVELOPMENT_TEAM = "";
				GENERATE_INFOPLIST_FILE = YES;
				ARCHS = (arm64, x86_64);
				MACOSX_DEPLOYMENT_TARGET = 15.0;
				MARKETING_VERSION = 0.1.0;
				PRODUCT_BUNDLE_IDENTIFIER = app.mdirx.mac.uitests;
				PRODUCT_NAME = "$(TARGET_NAME)";
				SWIFT_STRICT_CONCURRENCY = complete;
				SWIFT_VERSION = 6.0;
				TEST_TARGET_NAME = MdirX;
			};
			name = Release;
		};
		FD4A92E170EB44948740BB97 /* Debug */ = {
			isa = XCBuildConfiguration;
			buildSettings = {
				ALWAYS_SEARCH_USER_PATHS = NO;
				CLANG_ANALYZER_NONNULL = YES;
				CLANG_ENABLE_MODULES = YES;
				CLANG_ENABLE_OBJC_ARC = YES;
				COPY_PHASE_STRIP = NO;
				DEBUG_INFORMATION_FORMAT = dwarf;
				ENABLE_TESTABILITY = YES;
				GCC_OPTIMIZATION_LEVEL = 0;
				GCC_PREPROCESSOR_DEFINITIONS = ("DEBUG=1", "$(inherited)");
				GCC_WARN_ABOUT_RETURN_TYPE = YES_ERROR;
				GCC_WARN_UNUSED_VARIABLE = YES;
				LOCALIZATION_PREFERS_STRING_CATALOGS = YES;
				MACOSX_DEPLOYMENT_TARGET = 15.0;
				MTL_ENABLE_DEBUG_INFO = INCLUDE_SOURCE;
				ONLY_ACTIVE_ARCH = YES;
				SDKROOT = macosx;
				SWIFT_ACTIVE_COMPILATION_CONDITIONS = "DEBUG $(inherited)";
				SWIFT_OPTIMIZATION_LEVEL = "-Onone";
			};
			name = Debug;
		};
		0425D33651024ED381C05980 /* Release */ = {
			isa = XCBuildConfiguration;
			buildSettings = {
				ALWAYS_SEARCH_USER_PATHS = NO;
				CLANG_ANALYZER_NONNULL = YES;
				CLANG_ENABLE_MODULES = YES;
				CLANG_ENABLE_OBJC_ARC = YES;
				COPY_PHASE_STRIP = NO;
				DEBUG_INFORMATION_FORMAT = "dwarf-with-dsym";
				ENABLE_NS_ASSERTIONS = NO;
				GCC_WARN_ABOUT_RETURN_TYPE = YES_ERROR;
				GCC_WARN_UNUSED_VARIABLE = YES;
				LOCALIZATION_PREFERS_STRING_CATALOGS = YES;
				MACOSX_DEPLOYMENT_TARGET = 15.0;
				MTL_ENABLE_DEBUG_INFO = NO;
				ONLY_ACTIVE_ARCH = NO;
				SDKROOT = macosx;
				SWIFT_COMPILATION_MODE = wholemodule;
			};
			name = Release;
		};
/* End XCBuildConfiguration section */

/* Begin XCConfigurationList section */
		2B223F114F8249E6BB954C78 = {isa = XCConfigurationList; buildConfigurations = (71941C29E9DE4387A2EADCC6, 3675F4D2FA8444C8AB6D8D76); defaultConfigurationIsVisible = 0; defaultConfigurationName = Release; };
		11A8BD7DA228494C87A51CD1 = {isa = XCConfigurationList; buildConfigurations = (B8A3DDBE172C4F06B7D35030, AE8F82E14057477D9AC66D08); defaultConfigurationIsVisible = 0; defaultConfigurationName = Release; };
		E6EE373CD447457D8195DF1C = {isa = XCConfigurationList; buildConfigurations = (768C89ECAB1946E1A3C95F0A, 3211116C5DBF44C5812B0877); defaultConfigurationIsVisible = 0; defaultConfigurationName = Release; };
		3A4251772905403D943B28E9 = {isa = XCConfigurationList; buildConfigurations = (FD4A92E170EB44948740BB97, 0425D33651024ED381C05980); defaultConfigurationIsVisible = 0; defaultConfigurationName = Release; };
/* End XCConfigurationList section */

	};
	rootObject = 181C693776D9480698FCB7A3 /* Project object */;
}
