// !$*UTF8*$!
{
	archiveVersion = 1;
	classes = {
	};
	objectVersion = 56;
	objects = {

/* Begin PBXBuildFile section */
		7C365FE133EC427D8A4F3510 /* MdirXApp.swift in Sources */ = {isa = PBXBuildFile; fileRef = 956769B3F36341D2B1EA79F9; };
		0910C34CCF5C47B986D1389C /* ModelContainer.swift in Sources */ = {isa = PBXBuildFile; fileRef = E3689E60D9C24DF2823C1DEB; };
		6762843DD06B4FABAFB524BB /* DirectoryEntry.swift in Sources */ = {isa = PBXBuildFile; fileRef = 4D0365B735184C39A34DAD11; };
		18C143C97AD84E819AE9F395 /* FileSystemActor.swift in Sources */ = {isa = PBXBuildFile; fileRef = DD1CD1F8CB0145C390A06EE1; };
		0653BF0F030845EEA78CEAC2 /* VolumeService.swift in Sources */ = {isa = PBXBuildFile; fileRef = 45C5A547714344CC87A0977B; };
		56AA79CCA03644779B3DEA15 /* Tokens.swift in Sources */ = {isa = PBXBuildFile; fileRef = ED6C0671081249E09F33907D; };
		7C11E8B9CDEE4B5DB244B580 /* AppSettings.swift in Sources */ = {isa = PBXBuildFile; fileRef = 232CD0B581144C04B28AEDC1; };
		6D7D674CBE88421B80C855F8 /* ColorSettings.swift in Sources */ = {isa = PBXBuildFile; fileRef = 00D262F0CCA84DBA91A36F78; };
		6FB172E9B2924CC9B07D06FF /* BrowserSession.swift in Sources */ = {isa = PBXBuildFile; fileRef = 0B80B6C5CBA24245A54310CE; };
		5ADA3461370E407398DBC8D6 /* DualPaneView.swift in Sources */ = {isa = PBXBuildFile; fileRef = 818B62AC20924C51A52060D4; };
		0C22356A38C64AEEBC15A1B3 /* PaneState.swift in Sources */ = {isa = PBXBuildFile; fileRef = FB247DFF17FF47619170C7A4; };
		AB5CBD5E6FDE403BA0A6FE17 /* PaneColumnView.swift in Sources */ = {isa = PBXBuildFile; fileRef = 9E046DDF93BB4771977C8286; };
		AFEDDF042F84494390E037B6 /* FileListView.swift in Sources */ = {isa = PBXBuildFile; fileRef = 0723E3D19E74498482478E20; };
		71547DA20F25407198E50C0F /* PaneSummaryView.swift in Sources */ = {isa = PBXBuildFile; fileRef = F7E88D91C81D4D60A349E043; };
		BC30947C31D94D47B14DE120 /* PaneStatusBar.swift in Sources */ = {isa = PBXBuildFile; fileRef = 4564471DD398468CADE10593; };
		A337D50BEAA4495F84068F0F /* BreadcrumbView.swift in Sources */ = {isa = PBXBuildFile; fileRef = 57F217A3C5844BB0B4933A1B; };
		513C59474D194BF48AD51C5C /* PaneHeaderView.swift in Sources */ = {isa = PBXBuildFile; fileRef = 8BF2F997EB1B420E9076AEB5; };
		8B8A225E188D46988234909B /* PaneRow.swift in Sources */ = {isa = PBXBuildFile; fileRef = FDBDC432FE6C4CFA8E3A4B4B; };
		74D94721A0D14C0088FC6EBB /* VolumeBadgeView.swift in Sources */ = {isa = PBXBuildFile; fileRef = 13C42228AA184FBCA0D324B5; };
		B06BEC6D02C244179BB5A227 /* Assets.xcassets in Resources */ = {isa = PBXBuildFile; fileRef = 68E98B4CFED3484481B48CFB; };
		78956DFBECBB4071B03BE750 /* en Localizable.strings in Resources */ = {isa = PBXBuildFile; fileRef = 4A68288E8FB84B00A3F3282D; };
		49144B6B7ACF49089AEBF564 /* ko Localizable.strings in Resources */ = {isa = PBXBuildFile; fileRef = 7500F5A94A7F4325A25AC021; };
		8EF340B67CC94F249E996B1D /* SmokeTests.swift in Sources */ = {isa = PBXBuildFile; fileRef = 1194AA81245148A3AE96EA56; };
		0516E026BB9C4B9D80271E78 /* BrowserSessionTests.swift in Sources */ = {isa = PBXBuildFile; fileRef = 6678239EB545486FB4029928; };
		63582889D66F481BAC7A4E0A /* FileSystemActorTests.swift in Sources */ = {isa = PBXBuildFile; fileRef = 79060BFA22BF4E359B004215; };
		7AFAF01722014ADA9A09F82B /* PaneStateTests.swift in Sources */ = {isa = PBXBuildFile; fileRef = E983F80524834C7B9302DA78; };
		D4440B0F50C744ABBBF4E39E /* BreadcrumbBreakdownTests.swift in Sources */ = {isa = PBXBuildFile; fileRef = 5DD6CB4D3DA34584A74B2355; };
		F627D6E329F244C2ADA3F44D /* DoubleClickRoutingTests.swift in Sources */ = {isa = PBXBuildFile; fileRef = D3FDFC830DDC4C8C8AF15C7E; };
		E69CF68FE1C7461DBBF13B8D /* PaneCursorInitTests.swift in Sources */ = {isa = PBXBuildFile; fileRef = 84D10AE8029C416B8DDFB703; };
		8F6FA6B756DC4347AB954779 /* PaneRowsTests.swift in Sources */ = {isa = PBXBuildFile; fileRef = 01ED25BD3ED647C296A0DD1F; };
		A408404BFCB546AC89750B13 /* ParentLinkSynthesisTests.swift in Sources */ = {isa = PBXBuildFile; fileRef = 29F3EDC1D6CD4285B4935AF1; };
		5295890483804968BC7591B4 /* AttrsFourCharacterTests.swift in Sources */ = {isa = PBXBuildFile; fileRef = 4EA6C811A2A6484F9560E194; };
		50666580871E4D66AB0FFB3A /* TimeHHmmFormatTests.swift in Sources */ = {isa = PBXBuildFile; fileRef = E778F53DF7A446D58C4B2EDD; };
		1602742D85764925BB0F03EA /* StatusBarFormatTests.swift in Sources */ = {isa = PBXBuildFile; fileRef = 95385F108A0745DD8E9F422F; };
		B34B237F0D6341649D1793DA /* AppSettingsTests.swift in Sources */ = {isa = PBXBuildFile; fileRef = 532258A33DED40DBB7DD1A40; };
		B89505323F0A4E1D92A6476A /* PaneSelectionTests.swift in Sources */ = {isa = PBXBuildFile; fileRef = 17AE0F6F0B62414EB97E2016; };
		D7839DEC4B6A470F8F49880F /* NameEditTests.swift in Sources */ = {isa = PBXBuildFile; fileRef = 5ABDCAD78FEF4B75B77E18BA; };
		438749F7515442C5B34D725D /* FileSystemActorWriteTests.swift in Sources */ = {isa = PBXBuildFile; fileRef = E6AB5D0836874961AD68CD75; };
		C070D47125634916B0262DA6 /* PathHistoryStoreTests.swift in Sources */ = {isa = PBXBuildFile; fileRef = 86233EF769D64ED7B7A56201; };
		B1B49BC84AD047A79DED9A6D /* NameEditModal.swift in Sources */ = {isa = PBXBuildFile; fileRef = 8AC711327BB74FB5ACC765A4; };
		FDD165CF5F5A44028D82369B /* PathHistoryEntry.swift in Sources */ = {isa = PBXBuildFile; fileRef = B62F6711061D4C64BFF93DFD; };
		45491B27D8474579BCF46C0E /* PathHistoryStore.swift in Sources */ = {isa = PBXBuildFile; fileRef = 09FE21CE3A054832A39410DA; };
		35879CD7D947439F8E0E79E0 /* AddressPathValidation.swift in Sources */ = {isa = PBXBuildFile; fileRef = C839FB279D2C447E83264F4C; };
		9834BACF9B12472F8EA84F7E /* AddressBarView.swift in Sources */ = {isa = PBXBuildFile; fileRef = B3F7A85B869D4D9CB54C148D; };
		A3DD4F7F11BB47F9AF0EBAA2 /* RenameNewFolderNewFileTests.swift in Sources */ = {isa = PBXBuildFile; fileRef = F8EC0C75D65348CCB0104A73; };
		E5CC5501DC7A46F3AA80F7F7 /* LaunchTests.swift in Sources */ = {isa = PBXBuildFile; fileRef = ED0258F199E2404EB45E22C1; };
		91D5388E4301450489651835 /* DualPaneTabToggleTests.swift in Sources */ = {isa = PBXBuildFile; fileRef = 462B590C984E4B4AB276B0A7; };
		248099127C0544E5A2C68246 /* FileListNavigationTests.swift in Sources */ = {isa = PBXBuildFile; fileRef = 2103A902A43D4A94A9F0BB42; };
		A04A89F4E5C04BB3AC2FB330 /* MouseActivationAndDoubleClickTests.swift in Sources */ = {isa = PBXBuildFile; fileRef = 4D4BEE19625D4D1E8CAA547C; };
		3EBFE82D456F450298CFBF5D /* ParentLinkVisibleTests.swift in Sources */ = {isa = PBXBuildFile; fileRef = 601C8D8DD3314924A2CB8364; };
		5CD3C0305ABC465A8402188A /* NexusLookExactTests.swift in Sources */ = {isa = PBXBuildFile; fileRef = 5E436431DC4B440CB93F0915; };
/* End PBXBuildFile section */

/* Begin PBXFileReference section */
		1B9C082B8AC14FF5B833B8FE /* MdirX.app */ = {isa = PBXFileReference; explicitFileType = wrapper.application; includeInIndex = 0; path = MdirX.app; sourceTree = BUILT_PRODUCTS_DIR; };
		15BD29BFB5674C0D8CE56FB5 /* MdirXTests.xctest */ = {isa = PBXFileReference; explicitFileType = wrapper.cfbundle; includeInIndex = 0; path = MdirXTests.xctest; sourceTree = BUILT_PRODUCTS_DIR; };
		3FD14C61C94C427987DE21EF /* MdirXUITests.xctest */ = {isa = PBXFileReference; explicitFileType = wrapper.cfbundle; includeInIndex = 0; path = MdirXUITests.xctest; sourceTree = BUILT_PRODUCTS_DIR; };
		956769B3F36341D2B1EA79F9 /* MdirXApp.swift */ = {isa = PBXFileReference; lastKnownFileType = sourcecode.swift; path = MdirXApp.swift; sourceTree = "<group>"; };
		E3689E60D9C24DF2823C1DEB /* ModelContainer.swift */ = {isa = PBXFileReference; lastKnownFileType = sourcecode.swift; path = ModelContainer.swift; sourceTree = "<group>"; };
		4D0365B735184C39A34DAD11 /* DirectoryEntry.swift */ = {isa = PBXFileReference; lastKnownFileType = sourcecode.swift; path = DirectoryEntry.swift; sourceTree = "<group>"; };
		DD1CD1F8CB0145C390A06EE1 /* FileSystemActor.swift */ = {isa = PBXFileReference; lastKnownFileType = sourcecode.swift; path = FileSystemActor.swift; sourceTree = "<group>"; };
		45C5A547714344CC87A0977B /* VolumeService.swift */ = {isa = PBXFileReference; lastKnownFileType = sourcecode.swift; path = VolumeService.swift; sourceTree = "<group>"; };
		ED6C0671081249E09F33907D /* Tokens.swift */ = {isa = PBXFileReference; lastKnownFileType = sourcecode.swift; path = Tokens.swift; sourceTree = "<group>"; };
		232CD0B581144C04B28AEDC1 /* AppSettings.swift */ = {isa = PBXFileReference; lastKnownFileType = sourcecode.swift; path = AppSettings.swift; sourceTree = "<group>"; };
		00D262F0CCA84DBA91A36F78 /* ColorSettings.swift */ = {isa = PBXFileReference; lastKnownFileType = sourcecode.swift; path = ColorSettings.swift; sourceTree = "<group>"; };
		0B80B6C5CBA24245A54310CE /* BrowserSession.swift */ = {isa = PBXFileReference; lastKnownFileType = sourcecode.swift; path = BrowserSession.swift; sourceTree = "<group>"; };
		818B62AC20924C51A52060D4 /* DualPaneView.swift */ = {isa = PBXFileReference; lastKnownFileType = sourcecode.swift; path = DualPaneView.swift; sourceTree = "<group>"; };
		FB247DFF17FF47619170C7A4 /* PaneState.swift */ = {isa = PBXFileReference; lastKnownFileType = sourcecode.swift; path = PaneState.swift; sourceTree = "<group>"; };
		9E046DDF93BB4771977C8286 /* PaneColumnView.swift */ = {isa = PBXFileReference; lastKnownFileType = sourcecode.swift; path = PaneColumnView.swift; sourceTree = "<group>"; };
		0723E3D19E74498482478E20 /* FileListView.swift */ = {isa = PBXFileReference; lastKnownFileType = sourcecode.swift; path = FileListView.swift; sourceTree = "<group>"; };
		F7E88D91C81D4D60A349E043 /* PaneSummaryView.swift */ = {isa = PBXFileReference; lastKnownFileType = sourcecode.swift; path = PaneSummaryView.swift; sourceTree = "<group>"; };
		4564471DD398468CADE10593 /* PaneStatusBar.swift */ = {isa = PBXFileReference; lastKnownFileType = sourcecode.swift; path = PaneStatusBar.swift; sourceTree = "<group>"; };
		57F217A3C5844BB0B4933A1B /* BreadcrumbView.swift */ = {isa = PBXFileReference; lastKnownFileType = sourcecode.swift; path = BreadcrumbView.swift; sourceTree = "<group>"; };
		8BF2F997EB1B420E9076AEB5 /* PaneHeaderView.swift */ = {isa = PBXFileReference; lastKnownFileType = sourcecode.swift; path = PaneHeaderView.swift; sourceTree = "<group>"; };
		FDBDC432FE6C4CFA8E3A4B4B /* PaneRow.swift */ = {isa = PBXFileReference; lastKnownFileType = sourcecode.swift; path = PaneRow.swift; sourceTree = "<group>"; };
		13C42228AA184FBCA0D324B5 /* VolumeBadgeView.swift */ = {isa = PBXFileReference; lastKnownFileType = sourcecode.swift; path = VolumeBadgeView.swift; sourceTree = "<group>"; };
		1194AA81245148A3AE96EA56 /* SmokeTests.swift */ = {isa = PBXFileReference; lastKnownFileType = sourcecode.swift; path = SmokeTests.swift; sourceTree = "<group>"; };
		6678239EB545486FB4029928 /* BrowserSessionTests.swift */ = {isa = PBXFileReference; lastKnownFileType = sourcecode.swift; path = BrowserSessionTests.swift; sourceTree = "<group>"; };
		79060BFA22BF4E359B004215 /* FileSystemActorTests.swift */ = {isa = PBXFileReference; lastKnownFileType = sourcecode.swift; path = FileSystemActorTests.swift; sourceTree = "<group>"; };
		E983F80524834C7B9302DA78 /* PaneStateTests.swift */ = {isa = PBXFileReference; lastKnownFileType = sourcecode.swift; path = PaneStateTests.swift; sourceTree = "<group>"; };
		5DD6CB4D3DA34584A74B2355 /* BreadcrumbBreakdownTests.swift */ = {isa = PBXFileReference; lastKnownFileType = sourcecode.swift; path = BreadcrumbBreakdownTests.swift; sourceTree = "<group>"; };
		D3FDFC830DDC4C8C8AF15C7E /* DoubleClickRoutingTests.swift */ = {isa = PBXFileReference; lastKnownFileType = sourcecode.swift; path = DoubleClickRoutingTests.swift; sourceTree = "<group>"; };
		84D10AE8029C416B8DDFB703 /* PaneCursorInitTests.swift */ = {isa = PBXFileReference; lastKnownFileType = sourcecode.swift; path = PaneCursorInitTests.swift; sourceTree = "<group>"; };
		01ED25BD3ED647C296A0DD1F /* PaneRowsTests.swift */ = {isa = PBXFileReference; lastKnownFileType = sourcecode.swift; path = PaneRowsTests.swift; sourceTree = "<group>"; };
		29F3EDC1D6CD4285B4935AF1 /* ParentLinkSynthesisTests.swift */ = {isa = PBXFileReference; lastKnownFileType = sourcecode.swift; path = ParentLinkSynthesisTests.swift; sourceTree = "<group>"; };
		4EA6C811A2A6484F9560E194 /* AttrsFourCharacterTests.swift */ = {isa = PBXFileReference; lastKnownFileType = sourcecode.swift; path = AttrsFourCharacterTests.swift; sourceTree = "<group>"; };
		E778F53DF7A446D58C4B2EDD /* TimeHHmmFormatTests.swift */ = {isa = PBXFileReference; lastKnownFileType = sourcecode.swift; path = TimeHHmmFormatTests.swift; sourceTree = "<group>"; };
		95385F108A0745DD8E9F422F /* StatusBarFormatTests.swift */ = {isa = PBXFileReference; lastKnownFileType = sourcecode.swift; path = StatusBarFormatTests.swift; sourceTree = "<group>"; };
		532258A33DED40DBB7DD1A40 /* AppSettingsTests.swift */ = {isa = PBXFileReference; lastKnownFileType = sourcecode.swift; path = AppSettingsTests.swift; sourceTree = "<group>"; };
		17AE0F6F0B62414EB97E2016 /* PaneSelectionTests.swift */ = {isa = PBXFileReference; lastKnownFileType = sourcecode.swift; path = PaneSelectionTests.swift; sourceTree = "<group>"; };
		5ABDCAD78FEF4B75B77E18BA /* NameEditTests.swift */ = {isa = PBXFileReference; lastKnownFileType = sourcecode.swift; path = NameEditTests.swift; sourceTree = "<group>"; };
		E6AB5D0836874961AD68CD75 /* FileSystemActorWriteTests.swift */ = {isa = PBXFileReference; lastKnownFileType = sourcecode.swift; path = FileSystemActorWriteTests.swift; sourceTree = "<group>"; };
		86233EF769D64ED7B7A56201 /* PathHistoryStoreTests.swift */ = {isa = PBXFileReference; lastKnownFileType = sourcecode.swift; path = PathHistoryStoreTests.swift; sourceTree = "<group>"; };
		8AC711327BB74FB5ACC765A4 /* NameEditModal.swift */ = {isa = PBXFileReference; lastKnownFileType = sourcecode.swift; path = NameEditModal.swift; sourceTree = "<group>"; };
		B62F6711061D4C64BFF93DFD /* PathHistoryEntry.swift */ = {isa = PBXFileReference; lastKnownFileType = sourcecode.swift; path = PathHistoryEntry.swift; sourceTree = "<group>"; };
		09FE21CE3A054832A39410DA /* PathHistoryStore.swift */ = {isa = PBXFileReference; lastKnownFileType = sourcecode.swift; path = PathHistoryStore.swift; sourceTree = "<group>"; };
		C839FB279D2C447E83264F4C /* AddressPathValidation.swift */ = {isa = PBXFileReference; lastKnownFileType = sourcecode.swift; path = AddressPathValidation.swift; sourceTree = "<group>"; };
		B3F7A85B869D4D9CB54C148D /* AddressBarView.swift */ = {isa = PBXFileReference; lastKnownFileType = sourcecode.swift; path = AddressBarView.swift; sourceTree = "<group>"; };
		F8EC0C75D65348CCB0104A73 /* RenameNewFolderNewFileTests.swift */ = {isa = PBXFileReference; lastKnownFileType = sourcecode.swift; path = RenameNewFolderNewFileTests.swift; sourceTree = "<group>"; };
		ED0258F199E2404EB45E22C1 /* LaunchTests.swift */ = {isa = PBXFileReference; lastKnownFileType = sourcecode.swift; path = LaunchTests.swift; sourceTree = "<group>"; };
		462B590C984E4B4AB276B0A7 /* DualPaneTabToggleTests.swift */ = {isa = PBXFileReference; lastKnownFileType = sourcecode.swift; path = DualPaneTabToggleTests.swift; sourceTree = "<group>"; };
		2103A902A43D4A94A9F0BB42 /* FileListNavigationTests.swift */ = {isa = PBXFileReference; lastKnownFileType = sourcecode.swift; path = FileListNavigationTests.swift; sourceTree = "<group>"; };
		4D4BEE19625D4D1E8CAA547C /* MouseActivationAndDoubleClickTests.swift */ = {isa = PBXFileReference; lastKnownFileType = sourcecode.swift; path = MouseActivationAndDoubleClickTests.swift; sourceTree = "<group>"; };
		601C8D8DD3314924A2CB8364 /* ParentLinkVisibleTests.swift */ = {isa = PBXFileReference; lastKnownFileType = sourcecode.swift; path = ParentLinkVisibleTests.swift; sourceTree = "<group>"; };
		5E436431DC4B440CB93F0915 /* NexusLookExactTests.swift */ = {isa = PBXFileReference; lastKnownFileType = sourcecode.swift; path = NexusLookExactTests.swift; sourceTree = "<group>"; };
		68E98B4CFED3484481B48CFB /* Assets.xcassets */ = {isa = PBXFileReference; lastKnownFileType = folder.assetcatalog; path = Assets.xcassets; sourceTree = "<group>"; };
		20270DD81CCC41C0BCECA8C7 /* MdirX.entitlements */ = {isa = PBXFileReference; lastKnownFileType = text.plist.entitlements; path = MdirX.entitlements; sourceTree = "<group>"; };
		4A68288E8FB84B00A3F3282D /* en/Localizable.strings */ = {isa = PBXFileReference; lastKnownFileType = text.plist.strings; name = Localizable.strings; path = Localization/en.lproj/Localizable.strings; sourceTree = "<group>"; };
		7500F5A94A7F4325A25AC021 /* ko/Localizable.strings */ = {isa = PBXFileReference; lastKnownFileType = text.plist.strings; name = Localizable.strings; path = Localization/ko.lproj/Localizable.strings; sourceTree = "<group>"; };
/* End PBXFileReference section */

/* Begin PBXFrameworksBuildPhase section */
		9BED5D0E46D34E10A0E6402F = {isa = PBXFrameworksBuildPhase; buildActionMask = 2147483647; files = (); runOnlyForDeploymentPostprocessing = 0; };
		1E6F2C18EA604BC196393CF1 = {isa = PBXFrameworksBuildPhase; buildActionMask = 2147483647; files = (); runOnlyForDeploymentPostprocessing = 0; };
		3B907EB156EF4D758C7D1308 = {isa = PBXFrameworksBuildPhase; buildActionMask = 2147483647; files = (); runOnlyForDeploymentPostprocessing = 0; };
/* End PBXFrameworksBuildPhase section */

/* Begin PBXGroup section */
		F53DF952A7764523A6F1653E = {
			isa = PBXGroup;
			children = (
				14D09061317D479B871F88DE /* App */,
				17CCAD81EA0E4185BF2F5B51 /* Features */,
				1C1F13A796224941871302EE /* Core */,
				B44E049962D044438B2239A5 /* DesignSystem */,
				5E36830BD476461DAA7A13CB /* Resources */,
				CDBFA1F2D1934030BB49B3E2 /* Tests */,
				A7586DE5DE35465591EA40CE /* MdirX */,
				C0CDA279D54E4342A1F0B488 /* Products */,
			);
			sourceTree = "<group>";
		};
		C0CDA279D54E4342A1F0B488 /* Products */ = {
			isa = PBXGroup;
			children = (
				1B9C082B8AC14FF5B833B8FE /* MdirX.app */,
				15BD29BFB5674C0D8CE56FB5 /* MdirXTests.xctest */,
				3FD14C61C94C427987DE21EF /* MdirXUITests.xctest */,
			);
			name = Products;
			sourceTree = "<group>";
		};
		14D09061317D479B871F88DE /* App */ = {
			isa = PBXGroup;
			children = (956769B3F36341D2B1EA79F9);
			path = App;
			sourceTree = "<group>";
		};
		B44E049962D044438B2239A5 /* DesignSystem */ = {
			isa = PBXGroup;
			children = (ED6C0671081249E09F33907D);
			path = DesignSystem;
			sourceTree = "<group>";
		};
		17CCAD81EA0E4185BF2F5B51 /* Features */ = {
			isa = PBXGroup;
			children = (
				E40ACB3976C247C0B4F9B39D /* AddressBar */,
				E62C09A8E4674627ADBF38D1 /* DualPane */,
				887A4A70022D4E0592B2C1DD /* Pane */,
			);
			path = Features;
			sourceTree = "<group>";
		};
		E40ACB3976C247C0B4F9B39D /* AddressBar */ = {
			isa = PBXGroup;
			children = (
				C839FB279D2C447E83264F4C,
				B3F7A85B869D4D9CB54C148D,
			);
			path = AddressBar;
			sourceTree = "<group>";
		};
		E62C09A8E4674627ADBF38D1 /* DualPane */ = {
			isa = PBXGroup;
			children = (
				0B80B6C5CBA24245A54310CE,
				FB247DFF17FF47619170C7A4,
				818B62AC20924C51A52060D4,
			);
			path = DualPane;
			sourceTree = "<group>";
		};
		887A4A70022D4E0592B2C1DD /* Pane */ = {
			isa = PBXGroup;
			children = (
				57F217A3C5844BB0B4933A1B,
				0723E3D19E74498482478E20,
				9E046DDF93BB4771977C8286,
				8BF2F997EB1B420E9076AEB5,
				FDBDC432FE6C4CFA8E3A4B4B,
				4564471DD398468CADE10593,
				F7E88D91C81D4D60A349E043,
				13C42228AA184FBCA0D324B5,
				8AC711327BB74FB5ACC765A4,
			);
			path = Pane;
			sourceTree = "<group>";
		};
		1C1F13A796224941871302EE /* Core */ = {
			isa = PBXGroup;
			children = (
				D38B0E876A464277BBD65DA6,
				5C97A7A874D246CB8B93A764,
				B6BCFFED9C0642DE9F008C1D,
				41171BE1040A44AA94E0BB9C,
			);
			path = Core;
			sourceTree = "<group>";
		};
		D38B0E876A464277BBD65DA6 /* Persistence */ = {
			isa = PBXGroup;
			children = (
				D3AA855AA86D4E12A3849768 /* Models */,
				E3689E60D9C24DF2823C1DEB,
				09FE21CE3A054832A39410DA,
			);
			path = Persistence;
			sourceTree = "<group>";
		};
		D3AA855AA86D4E12A3849768 /* Models */ = {
			isa = PBXGroup;
			children = (
				B62F6711061D4C64BFF93DFD,
			);
			path = Models;
			sourceTree = "<group>";
		};
		5C97A7A874D246CB8B93A764 /* FileSystem */ = {
			isa = PBXGroup;
			children = (
				4D0365B735184C39A34DAD11,
				DD1CD1F8CB0145C390A06EE1,
			);
			path = FileSystem;
			sourceTree = "<group>";
		};
		B6BCFFED9C0642DE9F008C1D /* Volumes */ = {
			isa = PBXGroup;
			children = (45C5A547714344CC87A0977B);
			path = Volumes;
			sourceTree = "<group>";
		};
		41171BE1040A44AA94E0BB9C /* Settings */ = {
			isa = PBXGroup;
			children = (
				232CD0B581144C04B28AEDC1,
				00D262F0CCA84DBA91A36F78,
			);
			path = Settings;
			sourceTree = "<group>";
		};
		5E36830BD476461DAA7A13CB /* Resources */ = {
			isa = PBXGroup;
			children = (
				68E98B4CFED3484481B48CFB,
				4A68288E8FB84B00A3F3282D,
				7500F5A94A7F4325A25AC021,
			);
			path = Resources;
			sourceTree = "<group>";
		};
		CDBFA1F2D1934030BB49B3E2 /* Tests */ = {
			isa = PBXGroup;
			children = (
				5C297DA591AF4641B54ADFC4 /* UnitTests */,
				DA35E9E4AA2340C9BC05A9E5 /* UITests */,
			);
			path = Tests;
			sourceTree = "<group>";
		};
		5C297DA591AF4641B54ADFC4 /* UnitTests */ = {
			isa = PBXGroup;
			children = (
				1194AA81245148A3AE96EA56,
				6678239EB545486FB4029928,
				79060BFA22BF4E359B004215,
				E983F80524834C7B9302DA78,
				5DD6CB4D3DA34584A74B2355,
				D3FDFC830DDC4C8C8AF15C7E,
				84D10AE8029C416B8DDFB703,
				01ED25BD3ED647C296A0DD1F,
				29F3EDC1D6CD4285B4935AF1,
				4EA6C811A2A6484F9560E194,
				E778F53DF7A446D58C4B2EDD,
				95385F108A0745DD8E9F422F,
				532258A33DED40DBB7DD1A40,
				17AE0F6F0B62414EB97E2016,
				5ABDCAD78FEF4B75B77E18BA,
				E6AB5D0836874961AD68CD75,
				86233EF769D64ED7B7A56201,
			);
			path = UnitTests;
			sourceTree = "<group>";
		};
		DA35E9E4AA2340C9BC05A9E5 /* UITests */ = {
			isa = PBXGroup;
			children = (
				ED0258F199E2404EB45E22C1,
				462B590C984E4B4AB276B0A7,
				2103A902A43D4A94A9F0BB42,
				4D4BEE19625D4D1E8CAA547C,
				601C8D8DD3314924A2CB8364,
				5E436431DC4B440CB93F0915,
				F8EC0C75D65348CCB0104A73,
			);
			path = UITests;
			sourceTree = "<group>";
		};
		A7586DE5DE35465591EA40CE /* MdirX */ = {
			isa = PBXGroup;
			children = (20270DD81CCC41C0BCECA8C7);
			path = MdirX;
			sourceTree = "<group>";
		};
/* End PBXGroup section */

/* Begin PBXNativeTarget section */
		51E7A2FA4EB04E79930223E7 /* MdirX */ = {
			isa = PBXNativeTarget;
			buildConfigurationList = 70640C8BA1744996982E3BC4;
			buildPhases = (19EA041752DF484FB85CFF0E, 9BED5D0E46D34E10A0E6402F, 80554374A75E43F68E6EC2DC);
			buildRules = ();
			dependencies = ();
			name = MdirX;
			productName = MdirX;
			productReference = 1B9C082B8AC14FF5B833B8FE;
			productType = "com.apple.product-type.application";
		};
		8670DD1BC4BA43FD820C6400 /* MdirXTests */ = {
			isa = PBXNativeTarget;
			buildConfigurationList = 4E83B7F5D1B448569231B4BF;
			buildPhases = (58587B1E3EAF4ED6A4AFEE80, 1E6F2C18EA604BC196393CF1);
			buildRules = ();
			dependencies = (2F7AE5D701BC40A0882C6243);
			name = MdirXTests;
			productName = MdirXTests;
			productReference = 15BD29BFB5674C0D8CE56FB5;
			productType = "com.apple.product-type.bundle.unit-test";
		};
		82805AF6F6524931B5F5CE84 /* MdirXUITests */ = {
			isa = PBXNativeTarget;
			buildConfigurationList = 228A56D763B74D7EBB79B304;
			buildPhases = (F96950FC5B0247D38D123FF2, 3B907EB156EF4D758C7D1308);
			buildRules = ();
			dependencies = (4533FF1211E3480182B9D325);
			name = MdirXUITests;
			productName = MdirXUITests;
			productReference = 3FD14C61C94C427987DE21EF;
			productType = "com.apple.product-type.bundle.ui-testing";
		};
/* End PBXNativeTarget section */

/* Begin PBXProject section */
		A2BD0942C032434780E32B2D /* Project object */ = {
			isa = PBXProject;
			attributes = {
				BuildIndependentTargetsInParallel = 1;
				LastSwiftUpdateCheck = 1600;
				LastUpgradeCheck = 1600;
				TargetAttributes = {
					51E7A2FA4EB04E79930223E7 = { CreatedOnToolsVersion = 16.0; };
					8670DD1BC4BA43FD820C6400 = { CreatedOnToolsVersion = 16.0; TestTargetID = 51E7A2FA4EB04E79930223E7; };
					82805AF6F6524931B5F5CE84 = { CreatedOnToolsVersion = 16.0; TestTargetID = 51E7A2FA4EB04E79930223E7; };
				};
			};
			buildConfigurationList = BCAF9E5099284332A51738C9;
			compatibilityVersion = "Xcode 14.0";
			developmentRegion = en;
			hasScannedForEncodings = 0;
			knownRegions = (en, ko, Base);
			mainGroup = F53DF952A7764523A6F1653E;
			productRefGroup = C0CDA279D54E4342A1F0B488;
			projectDirPath = "";
			projectRoot = "";
			targets = (51E7A2FA4EB04E79930223E7, 8670DD1BC4BA43FD820C6400, 82805AF6F6524931B5F5CE84);
		};
/* End PBXProject section */

/* Begin PBXResourcesBuildPhase section */
		80554374A75E43F68E6EC2DC = {
			isa = PBXResourcesBuildPhase;
			buildActionMask = 2147483647;
			files = (
				B06BEC6D02C244179BB5A227,
				78956DFBECBB4071B03BE750,
				49144B6B7ACF49089AEBF564,
			);
			runOnlyForDeploymentPostprocessing = 0;
		};
/* End PBXResourcesBuildPhase section */

/* Begin PBXSourcesBuildPhase section */
		19EA041752DF484FB85CFF0E /* App Sources */ = {
			isa = PBXSourcesBuildPhase;
			buildActionMask = 2147483647;
			files = (
				7C365FE133EC427D8A4F3510,
				0910C34CCF5C47B986D1389C,
				FDD165CF5F5A44028D82369B,
				45491B27D8474579BCF46C0E,
				6762843DD06B4FABAFB524BB,
				18C143C97AD84E819AE9F395,
				0653BF0F030845EEA78CEAC2,
				56AA79CCA03644779B3DEA15,
				7C11E8B9CDEE4B5DB244B580,
				6D7D674CBE88421B80C855F8,
				6FB172E9B2924CC9B07D06FF,
				0C22356A38C64AEEBC15A1B3,
				5ADA3461370E407398DBC8D6,
				A337D50BEAA4495F84068F0F,
				AFEDDF042F84494390E037B6,
				AB5CBD5E6FDE403BA0A6FE17,
				513C59474D194BF48AD51C5C,
				8B8A225E188D46988234909B,
				BC30947C31D94D47B14DE120,
				71547DA20F25407198E50C0F,
				74D94721A0D14C0088FC6EBB,
				B1B49BC84AD047A79DED9A6D,
				35879CD7D947439F8E0E79E0,
				9834BACF9B12472F8EA84F7E,
			);
			runOnlyForDeploymentPostprocessing = 0;
		};
		58587B1E3EAF4ED6A4AFEE80 /* Unit Test Sources */ = {
			isa = PBXSourcesBuildPhase;
			buildActionMask = 2147483647;
			files = (
				8EF340B67CC94F249E996B1D,
				0516E026BB9C4B9D80271E78,
				63582889D66F481BAC7A4E0A,
				7AFAF01722014ADA9A09F82B,
				D4440B0F50C744ABBBF4E39E,
				F627D6E329F244C2ADA3F44D,
				E69CF68FE1C7461DBBF13B8D,
				8F6FA6B756DC4347AB954779,
				A408404BFCB546AC89750B13,
				5295890483804968BC7591B4,
				50666580871E4D66AB0FFB3A,
				1602742D85764925BB0F03EA,
				B34B237F0D6341649D1793DA,
				B89505323F0A4E1D92A6476A,
				D7839DEC4B6A470F8F49880F,
				438749F7515442C5B34D725D,
				C070D47125634916B0262DA6,
			);
			runOnlyForDeploymentPostprocessing = 0;
		};
		F96950FC5B0247D38D123FF2 /* UI Test Sources */ = {
			isa = PBXSourcesBuildPhase;
			buildActionMask = 2147483647;
			files = (
				E5CC5501DC7A46F3AA80F7F7,
				91D5388E4301450489651835,
				248099127C0544E5A2C68246,
				A04A89F4E5C04BB3AC2FB330,
				3EBFE82D456F450298CFBF5D,
				5CD3C0305ABC465A8402188A,
				A3DD4F7F11BB47F9AF0EBAA2,
			);
			runOnlyForDeploymentPostprocessing = 0;
		};
/* End PBXSourcesBuildPhase section */

/* Begin PBXTargetDependency section */
		2F7AE5D701BC40A0882C6243 = {isa = PBXTargetDependency; target = 51E7A2FA4EB04E79930223E7; targetProxy = 17689494E8DB4D51B8C22309; };
		4533FF1211E3480182B9D325 = {isa = PBXTargetDependency; target = 51E7A2FA4EB04E79930223E7; targetProxy = 0687CBC2C376446DA23E40FB; };
/* End PBXTargetDependency section */

/* Begin PBXContainerItemProxy section */
		17689494E8DB4D51B8C22309 = {isa = PBXContainerItemProxy; containerPortal = A2BD0942C032434780E32B2D; proxyType = 1; remoteGlobalIDString = 51E7A2FA4EB04E79930223E7; remoteInfo = MdirX; };
		0687CBC2C376446DA23E40FB = {isa = PBXContainerItemProxy; containerPortal = A2BD0942C032434780E32B2D; proxyType = 1; remoteGlobalIDString = 51E7A2FA4EB04E79930223E7; remoteInfo = MdirX; };
/* End PBXContainerItemProxy section */

/* Begin XCBuildConfiguration section */
		E16BAAA54ED64312960AA49A /* Debug */ = {
			isa = XCBuildConfiguration;
			buildSettings = {
				ASETCATALOG_COMPILER_APPICON_NAME = AppIcon;
				CODE_SIGN_ENTITLEMENTS = MdirX/MdirX.entitlements;
				CODE_SIGN_STYLE = Automatic;
				COMBINE_HIDPI_IMAGES = YES;
				CURRENT_PROJECT_VERSION = 1;
				DEAD_CODE_STRIPPING = YES;
				DEVELOPMENT_TEAM = "";
				ENABLE_HARDENED_RUNTIME = YES;
				ENABLE_PREVIEWS = NO;
				GENERATE_INFOPLIST_FILE = YES;
				INFOPLIST_KEY_CFBundleDisplayName = MdirX;
				INFOPLIST_KEY_LSApplicationCategoryType = "public.app-category.utilities";
				LD_RUNPATH_SEARCH_PATHS = ("$(inherited)", "@executable_path/../Frameworks");
				MACOSX_DEPLOYMENT_TARGET = 15.0;
				MARKETING_VERSION = 0.1.0;
				PRODUCT_BUNDLE_IDENTIFIER = app.mdirx.mac;
				PRODUCT_NAME = "$(TARGET_NAME)";
				SWIFT_EMIT_LOC_STRINGS = YES;
				SWIFT_STRICT_CONCURRENCY = complete;
				SWIFT_VERSION = 6.0;
				CONFIGURATION_BUILD_DIR = "$(SRCROOT)/dist";
			};
			name = Debug;
		};
		EF733C0AA6C942EDA7751457 /* Release */ = {
			isa = XCBuildConfiguration;
			buildSettings = {
				ASETCATALOG_COMPILER_APPICON_NAME = AppIcon;
				CODE_SIGN_ENTITLEMENTS = MdirX/MdirX.entitlements;
				CODE_SIGN_STYLE = Automatic;
				COMBINE_HIDPI_IMAGES = YES;
				CURRENT_PROJECT_VERSION = 1;
				DEAD_CODE_STRIPPING = YES;
				DEVELOPMENT_TEAM = "";
				ENABLE_HARDENED_RUNTIME = YES;
				ENABLE_PREVIEWS = NO;
				GENERATE_INFOPLIST_FILE = YES;
				INFOPLIST_KEY_CFBundleDisplayName = MdirX;
				INFOPLIST_KEY_LSApplicationCategoryType = "public.app-category.utilities";
				LD_RUNPATH_SEARCH_PATHS = ("$(inherited)", "@executable_path/../Frameworks");
				ARCHS = (arm64, x86_64);
				MACOSX_DEPLOYMENT_TARGET = 15.0;
				MARKETING_VERSION = 0.1.0;
				PRODUCT_BUNDLE_IDENTIFIER = app.mdirx.mac;
				PRODUCT_NAME = "$(TARGET_NAME)";
				SWIFT_EMIT_LOC_STRINGS = YES;
				SWIFT_STRICT_CONCURRENCY = complete;
				SWIFT_VERSION = 6.0;
				CONFIGURATION_BUILD_DIR = "$(SRCROOT)/dist";
			};
			name = Release;
		};
		104E0751F2DA447C992961AD /* Debug */ = {
			isa = XCBuildConfiguration;
			buildSettings = {
				BUNDLE_LOADER = "$(TEST_HOST)";
				CODE_SIGN_STYLE = Automatic;
				CURRENT_PROJECT_VERSION = 1;
				DEVELOPMENT_TEAM = "";
				GENERATE_INFOPLIST_FILE = YES;
				MACOSX_DEPLOYMENT_TARGET = 15.0;
				MARKETING_VERSION = 0.1.0;
				PRODUCT_BUNDLE_IDENTIFIER = app.mdirx.mac.tests;
				PRODUCT_NAME = "$(TARGET_NAME)";
				SWIFT_STRICT_CONCURRENCY = complete;
				SWIFT_VERSION = 6.0;
				TEST_HOST = "$(BUILT_PRODUCTS_DIR)/MdirX.app/$(BUNDLE_EXECUTABLE_FOLDER_PATH)/MdirX";
			};
			name = Debug;
		};
		15663FBD05EB4F2F9AD9A13A /* Release */ = {
			isa = XCBuildConfiguration;
			buildSettings = {
				BUNDLE_LOADER = "$(TEST_HOST)";
				CODE_SIGN_STYLE = Automatic;
				CURRENT_PROJECT_VERSION = 1;
				DEVELOPMENT_TEAM = "";
				GENERATE_INFOPLIST_FILE = YES;
				ARCHS = (arm64, x86_64);
				MACOSX_DEPLOYMENT_TARGET = 15.0;
				MARKETING_VERSION = 0.1.0;
				PRODUCT_BUNDLE_IDENTIFIER = app.mdirx.mac.tests;
				PRODUCT_NAME = "$(TARGET_NAME)";
				SWIFT_STRICT_CONCURRENCY = complete;
				SWIFT_VERSION = 6.0;
				TEST_HOST = "$(BUILT_PRODUCTS_DIR)/MdirX.app/$(BUNDLE_EXECUTABLE_FOLDER_PATH)/MdirX";
			};
			name = Release;
		};
		3D6FE70B43C44E8B94EE6525 /* Debug */ = {
			isa = XCBuildConfiguration;
			buildSettings = {
				CODE_SIGN_STYLE = Automatic;
				CURRENT_PROJECT_VERSION = 1;
				DEVELOPMENT_TEAM = "";
				GENERATE_INFOPLIST_FILE = YES;
				MACOSX_DEPLOYMENT_TARGET = 15.0;
				MARKETING_VERSION = 0.1.0;
				PRODUCT_BUNDLE_IDENTIFIER = app.mdirx.mac.uitests;
				PRODUCT_NAME = "$(TARGET_NAME)";
				SWIFT_STRICT_CONCURRENCY = complete;
				SWIFT_VERSION = 6.0;
				TEST_TARGET_NAME = MdirX;
			};
			name = Debug;
		};
		80783E2760FE40B59FA45273 /* Release */ = {
			isa = XCBuildConfiguration;
			buildSettings = {
				CODE_SIGN_STYLE = Automatic;
				CURRENT_PROJECT_VERSION = 1;
				DEVELOPMENT_TEAM = "";
				GENERATE_INFOPLIST_FILE = YES;
				ARCHS = (arm64, x86_64);
				MACOSX_DEPLOYMENT_TARGET = 15.0;
				MARKETING_VERSION = 0.1.0;
				PRODUCT_BUNDLE_IDENTIFIER = app.mdirx.mac.uitests;
				PRODUCT_NAME = "$(TARGET_NAME)";
				SWIFT_STRICT_CONCURRENCY = complete;
				SWIFT_VERSION = 6.0;
				TEST_TARGET_NAME = MdirX;
			};
			name = Release;
		};
		5A4E23908D8C41559ECC5BAE /* Debug */ = {
			isa = XCBuildConfiguration;
			buildSettings = {
				ALWAYS_SEARCH_USER_PATHS = NO;
				CLANG_ANALYZER_NONNULL = YES;
				CLANG_ENABLE_MODULES = YES;
				CLANG_ENABLE_OBJC_ARC = YES;
				COPY_PHASE_STRIP = NO;
				DEBUG_INFORMATION_FORMAT = dwarf;
				ENABLE_TESTABILITY = YES;
				GCC_OPTIMIZATION_LEVEL = 0;
				GCC_PREPROCESSOR_DEFINITIONS = ("DEBUG=1", "$(inherited)");
				GCC_WARN_ABOUT_RETURN_TYPE = YES_ERROR;
				GCC_WARN_UNUSED_VARIABLE = YES;
				LOCALIZATION_PREFERS_STRING_CATALOGS = YES;
				MACOSX_DEPLOYMENT_TARGET = 15.0;
				MTL_ENABLE_DEBUG_INFO = INCLUDE_SOURCE;
				ONLY_ACTIVE_ARCH = YES;
				SDKROOT = macosx;
				SWIFT_ACTIVE_COMPILATION_CONDITIONS = "DEBUG $(inherited)";
				SWIFT_OPTIMIZATION_LEVEL = "-Onone";
			};
			name = Debug;
		};
		E015EB67446846D1A33382FB /* Release */ = {
			isa = XCBuildConfiguration;
			buildSettings = {
				ALWAYS_SEARCH_USER_PATHS = NO;
				CLANG_ANALYZER_NONNULL = YES;
				CLANG_ENABLE_MODULES = YES;
				CLANG_ENABLE_OBJC_ARC = YES;
				COPY_PHASE_STRIP = NO;
				DEBUG_INFORMATION_FORMAT = "dwarf-with-dsym";
				ENABLE_NS_ASSERTIONS = NO;
				GCC_WARN_ABOUT_RETURN_TYPE = YES_ERROR;
				GCC_WARN_UNUSED_VARIABLE = YES;
				LOCALIZATION_PREFERS_STRING_CATALOGS = YES;
				MACOSX_DEPLOYMENT_TARGET = 15.0;
				MTL_ENABLE_DEBUG_INFO = NO;
				ONLY_ACTIVE_ARCH = NO;
				SDKROOT = macosx;
				SWIFT_COMPILATION_MODE = wholemodule;
			};
			name = Release;
		};
/* End XCBuildConfiguration section */

/* Begin XCConfigurationList section */
		70640C8BA1744996982E3BC4 = {isa = XCConfigurationList; buildConfigurations = (E16BAAA54ED64312960AA49A, EF733C0AA6C942EDA7751457); defaultConfigurationIsVisible = 0; defaultConfigurationName = Release; };
		4E83B7F5D1B448569231B4BF = {isa = XCConfigurationList; buildConfigurations = (104E0751F2DA447C992961AD, 15663FBD05EB4F2F9AD9A13A); defaultConfigurationIsVisible = 0; defaultConfigurationName = Release; };
		228A56D763B74D7EBB79B304 = {isa = XCConfigurationList; buildConfigurations = (3D6FE70B43C44E8B94EE6525, 80783E2760FE40B59FA45273); defaultConfigurationIsVisible = 0; defaultConfigurationName = Release; };
		BCAF9E5099284332A51738C9 = {isa = XCConfigurationList; buildConfigurations = (5A4E23908D8C41559ECC5BAE, E015EB67446846D1A33382FB); defaultConfigurationIsVisible = 0; defaultConfigurationName = Release; };
/* End XCConfigurationList section */

	};
	rootObject = A2BD0942C032434780E32B2D /* Project object */;
}
