// !$*UTF8*$!
{
	archiveVersion = 1;
	classes = {
	};
	objectVersion = 56;
	objects = {

/* Begin PBXBuildFile section */
		1466BC3599534129B431A12D /* MdirXApp.swift in Sources */ = {isa = PBXBuildFile; fileRef = D2A82DC6D49041618B9EC692; };
		38458F6A4E7F4AA5BC7FE55D /* ModelContainer.swift in Sources */ = {isa = PBXBuildFile; fileRef = 919E9AAFBDA34F089FD473C1; };
		DEC90E224680441B8BB18CC9 /* DirectoryEntry.swift in Sources */ = {isa = PBXBuildFile; fileRef = 47215BB1F1234C85B0009E43; };
		01EC933CA2D94E59AB9B8B71 /* FileSystemActor.swift in Sources */ = {isa = PBXBuildFile; fileRef = E59590C666AB4F83B8AA6672; };
		2FB4D6E16C3645E697551EF1 /* VolumeService.swift in Sources */ = {isa = PBXBuildFile; fileRef = BF3E9D93B7B346A3AD70FE69; };
		A95CBDEBE8B34CC0A7698C16 /* Tokens.swift in Sources */ = {isa = PBXBuildFile; fileRef = E62A5DEE93724E9A9C9BC97D; };
		24E4339E78F04CBB84577B8D /* BrowserSession.swift in Sources */ = {isa = PBXBuildFile; fileRef = 68548F4751684D7183656C51; };
		0CF667AC93E84C048B69C29E /* DualPaneView.swift in Sources */ = {isa = PBXBuildFile; fileRef = 8FC94A831FFD479F89908E1C; };
		53F768D5648C49A29A2A44D9 /* PaneState.swift in Sources */ = {isa = PBXBuildFile; fileRef = C1C457A15F1349F2A9056DCA; };
		B0B80D15425E43A6B4BC747A /* PaneColumnView.swift in Sources */ = {isa = PBXBuildFile; fileRef = F54507BA352B4A059F4E7E0F; };
		9AD83631607548918256B0DC /* FileListView.swift in Sources */ = {isa = PBXBuildFile; fileRef = 38184CDBA0774D2891596C41; };
		F4E12066415646CF993E0BB8 /* PaneSummaryView.swift in Sources */ = {isa = PBXBuildFile; fileRef = 25A85507908A437095161233; };
		3EB3D9DC201D41B9B485550F /* PaneStatusBar.swift in Sources */ = {isa = PBXBuildFile; fileRef = 0461D200D0BA44E89CF5DC3E; };
		EEB2E0905C5E4B8FB1166BED /* BreadcrumbView.swift in Sources */ = {isa = PBXBuildFile; fileRef = FD877F99F03546608EA7E5F8; };
		442F2A3D3D12499485B1F5CA /* PaneHeaderView.swift in Sources */ = {isa = PBXBuildFile; fileRef = 9D68837E4FDE409694A025C8; };
		F9DA535F640148CAAC3223D5 /* PaneRow.swift in Sources */ = {isa = PBXBuildFile; fileRef = 4F69E0CEAAF14AC2B9E7EE3F; };
		DA3F3DAE64CC473F95DB8758 /* VolumeBadgeView.swift in Sources */ = {isa = PBXBuildFile; fileRef = 2A9E8A9530A443A6881A6874; };
		F4C42C0999934DC990155B18 /* Assets.xcassets in Resources */ = {isa = PBXBuildFile; fileRef = F1ED0E01FFF145ECAB5386BA; };
		9FAF60B493A4473BBD5F3FD6 /* en Localizable.strings in Resources */ = {isa = PBXBuildFile; fileRef = 42878C6AD5C243048C1B7DEF; };
		4D082D51B2CA4202A52F7F20 /* ko Localizable.strings in Resources */ = {isa = PBXBuildFile; fileRef = 380C60D5A6D84C42B43DFAC6; };
		EE9BC7EFD4734F689EA399B3 /* SmokeTests.swift in Sources */ = {isa = PBXBuildFile; fileRef = 49E94D49DE5D42AA9CEB32C6; };
		6C148193998346D29556D287 /* BrowserSessionTests.swift in Sources */ = {isa = PBXBuildFile; fileRef = 8AE8C68EF2874FB9A49C67C4; };
		45AD4D751083483B8187715F /* FileSystemActorTests.swift in Sources */ = {isa = PBXBuildFile; fileRef = 3278B8425A6949448335E0EC; };
		D8905EA20DB9456D99466DF2 /* PaneStateTests.swift in Sources */ = {isa = PBXBuildFile; fileRef = 821173377B044246ABFF1525; };
		F9980B8C88F842E687EEE379 /* BreadcrumbBreakdownTests.swift in Sources */ = {isa = PBXBuildFile; fileRef = 7B5443D99E4044289D77B902; };
		176B812A9AB449359F605EB8 /* DoubleClickRoutingTests.swift in Sources */ = {isa = PBXBuildFile; fileRef = 7AEA94EC7D994144BF2E6860; };
		3993605C117A4AF2B9FE7098 /* PaneCursorInitTests.swift in Sources */ = {isa = PBXBuildFile; fileRef = B1D84AE98CC24C68ABE4B65F; };
		1CA4989942FD4EB9B8202EE8 /* PaneRowsTests.swift in Sources */ = {isa = PBXBuildFile; fileRef = E34D4403ACAA40F69CE6C5A2; };
		96285828F21A46D2B36FEE3C /* ParentLinkSynthesisTests.swift in Sources */ = {isa = PBXBuildFile; fileRef = ADFD3E822D1B4543A2C543AA; };
		BDF775327AE44191A7A8E7F2 /* AttrsFourCharacterTests.swift in Sources */ = {isa = PBXBuildFile; fileRef = 82D279CF6878495C84C862F7; };
		4DA490CE2DB740CFAC13DEEA /* TimeHHmmFormatTests.swift in Sources */ = {isa = PBXBuildFile; fileRef = CECF22B6D00541F69B729556; };
		7ECCB0A9A3E04686943572C0 /* StatusBarFormatTests.swift in Sources */ = {isa = PBXBuildFile; fileRef = ED664745DB88480BA4A3CD84; };
		34DAF69A26A94719AF5D01D2 /* LaunchTests.swift in Sources */ = {isa = PBXBuildFile; fileRef = 2986B0D12C624B528DF6A597; };
		35EE6FF9832541D99EE82EBD /* DualPaneTabToggleTests.swift in Sources */ = {isa = PBXBuildFile; fileRef = 09CDD5E6F6A9483D8CEEBD64; };
		609C72CFAF7949B5A896A63D /* FileListNavigationTests.swift in Sources */ = {isa = PBXBuildFile; fileRef = EA4508BE326A4AA4A9431F9C; };
		25556B7DB11A4D27AFA7C1DF /* MouseActivationAndDoubleClickTests.swift in Sources */ = {isa = PBXBuildFile; fileRef = 3C1735FE6A464C589CE93CC5; };
		67803CEA53074DD78049944C /* ParentLinkVisibleTests.swift in Sources */ = {isa = PBXBuildFile; fileRef = 6430191D483B4D87B7C6091F; };
		702E39D221EC43B28A7EED0C /* NexusLookExactTests.swift in Sources */ = {isa = PBXBuildFile; fileRef = BCD969280A3B4FF48EEE4AF3; };
/* End PBXBuildFile section */

/* Begin PBXFileReference section */
		7059312B90454B01BEAE1A82 /* MdirX.app */ = {isa = PBXFileReference; explicitFileType = wrapper.application; includeInIndex = 0; path = MdirX.app; sourceTree = BUILT_PRODUCTS_DIR; };
		CB510CE324CD4B1D8486C665 /* MdirXTests.xctest */ = {isa = PBXFileReference; explicitFileType = wrapper.cfbundle; includeInIndex = 0; path = MdirXTests.xctest; sourceTree = BUILT_PRODUCTS_DIR; };
		9290CD2FC88A4AA5B66D628A /* MdirXUITests.xctest */ = {isa = PBXFileReference; explicitFileType = wrapper.cfbundle; includeInIndex = 0; path = MdirXUITests.xctest; sourceTree = BUILT_PRODUCTS_DIR; };
		D2A82DC6D49041618B9EC692 /* MdirXApp.swift */ = {isa = PBXFileReference; lastKnownFileType = sourcecode.swift; path = MdirXApp.swift; sourceTree = "<group>"; };
		919E9AAFBDA34F089FD473C1 /* ModelContainer.swift */ = {isa = PBXFileReference; lastKnownFileType = sourcecode.swift; path = ModelContainer.swift; sourceTree = "<group>"; };
		47215BB1F1234C85B0009E43 /* DirectoryEntry.swift */ = {isa = PBXFileReference; lastKnownFileType = sourcecode.swift; path = DirectoryEntry.swift; sourceTree = "<group>"; };
		E59590C666AB4F83B8AA6672 /* FileSystemActor.swift */ = {isa = PBXFileReference; lastKnownFileType = sourcecode.swift; path = FileSystemActor.swift; sourceTree = "<group>"; };
		BF3E9D93B7B346A3AD70FE69 /* VolumeService.swift */ = {isa = PBXFileReference; lastKnownFileType = sourcecode.swift; path = VolumeService.swift; sourceTree = "<group>"; };
		E62A5DEE93724E9A9C9BC97D /* Tokens.swift */ = {isa = PBXFileReference; lastKnownFileType = sourcecode.swift; path = Tokens.swift; sourceTree = "<group>"; };
		68548F4751684D7183656C51 /* BrowserSession.swift */ = {isa = PBXFileReference; lastKnownFileType = sourcecode.swift; path = BrowserSession.swift; sourceTree = "<group>"; };
		8FC94A831FFD479F89908E1C /* DualPaneView.swift */ = {isa = PBXFileReference; lastKnownFileType = sourcecode.swift; path = DualPaneView.swift; sourceTree = "<group>"; };
		C1C457A15F1349F2A9056DCA /* PaneState.swift */ = {isa = PBXFileReference; lastKnownFileType = sourcecode.swift; path = PaneState.swift; sourceTree = "<group>"; };
		F54507BA352B4A059F4E7E0F /* PaneColumnView.swift */ = {isa = PBXFileReference; lastKnownFileType = sourcecode.swift; path = PaneColumnView.swift; sourceTree = "<group>"; };
		38184CDBA0774D2891596C41 /* FileListView.swift */ = {isa = PBXFileReference; lastKnownFileType = sourcecode.swift; path = FileListView.swift; sourceTree = "<group>"; };
		25A85507908A437095161233 /* PaneSummaryView.swift */ = {isa = PBXFileReference; lastKnownFileType = sourcecode.swift; path = PaneSummaryView.swift; sourceTree = "<group>"; };
		0461D200D0BA44E89CF5DC3E /* PaneStatusBar.swift */ = {isa = PBXFileReference; lastKnownFileType = sourcecode.swift; path = PaneStatusBar.swift; sourceTree = "<group>"; };
		FD877F99F03546608EA7E5F8 /* BreadcrumbView.swift */ = {isa = PBXFileReference; lastKnownFileType = sourcecode.swift; path = BreadcrumbView.swift; sourceTree = "<group>"; };
		9D68837E4FDE409694A025C8 /* PaneHeaderView.swift */ = {isa = PBXFileReference; lastKnownFileType = sourcecode.swift; path = PaneHeaderView.swift; sourceTree = "<group>"; };
		4F69E0CEAAF14AC2B9E7EE3F /* PaneRow.swift */ = {isa = PBXFileReference; lastKnownFileType = sourcecode.swift; path = PaneRow.swift; sourceTree = "<group>"; };
		2A9E8A9530A443A6881A6874 /* VolumeBadgeView.swift */ = {isa = PBXFileReference; lastKnownFileType = sourcecode.swift; path = VolumeBadgeView.swift; sourceTree = "<group>"; };
		49E94D49DE5D42AA9CEB32C6 /* SmokeTests.swift */ = {isa = PBXFileReference; lastKnownFileType = sourcecode.swift; path = SmokeTests.swift; sourceTree = "<group>"; };
		8AE8C68EF2874FB9A49C67C4 /* BrowserSessionTests.swift */ = {isa = PBXFileReference; lastKnownFileType = sourcecode.swift; path = BrowserSessionTests.swift; sourceTree = "<group>"; };
		3278B8425A6949448335E0EC /* FileSystemActorTests.swift */ = {isa = PBXFileReference; lastKnownFileType = sourcecode.swift; path = FileSystemActorTests.swift; sourceTree = "<group>"; };
		821173377B044246ABFF1525 /* PaneStateTests.swift */ = {isa = PBXFileReference; lastKnownFileType = sourcecode.swift; path = PaneStateTests.swift; sourceTree = "<group>"; };
		7B5443D99E4044289D77B902 /* BreadcrumbBreakdownTests.swift */ = {isa = PBXFileReference; lastKnownFileType = sourcecode.swift; path = BreadcrumbBreakdownTests.swift; sourceTree = "<group>"; };
		7AEA94EC7D994144BF2E6860 /* DoubleClickRoutingTests.swift */ = {isa = PBXFileReference; lastKnownFileType = sourcecode.swift; path = DoubleClickRoutingTests.swift; sourceTree = "<group>"; };
		B1D84AE98CC24C68ABE4B65F /* PaneCursorInitTests.swift */ = {isa = PBXFileReference; lastKnownFileType = sourcecode.swift; path = PaneCursorInitTests.swift; sourceTree = "<group>"; };
		E34D4403ACAA40F69CE6C5A2 /* PaneRowsTests.swift */ = {isa = PBXFileReference; lastKnownFileType = sourcecode.swift; path = PaneRowsTests.swift; sourceTree = "<group>"; };
		ADFD3E822D1B4543A2C543AA /* ParentLinkSynthesisTests.swift */ = {isa = PBXFileReference; lastKnownFileType = sourcecode.swift; path = ParentLinkSynthesisTests.swift; sourceTree = "<group>"; };
		82D279CF6878495C84C862F7 /* AttrsFourCharacterTests.swift */ = {isa = PBXFileReference; lastKnownFileType = sourcecode.swift; path = AttrsFourCharacterTests.swift; sourceTree = "<group>"; };
		CECF22B6D00541F69B729556 /* TimeHHmmFormatTests.swift */ = {isa = PBXFileReference; lastKnownFileType = sourcecode.swift; path = TimeHHmmFormatTests.swift; sourceTree = "<group>"; };
		ED664745DB88480BA4A3CD84 /* StatusBarFormatTests.swift */ = {isa = PBXFileReference; lastKnownFileType = sourcecode.swift; path = StatusBarFormatTests.swift; sourceTree = "<group>"; };
		2986B0D12C624B528DF6A597 /* LaunchTests.swift */ = {isa = PBXFileReference; lastKnownFileType = sourcecode.swift; path = LaunchTests.swift; sourceTree = "<group>"; };
		09CDD5E6F6A9483D8CEEBD64 /* DualPaneTabToggleTests.swift */ = {isa = PBXFileReference; lastKnownFileType = sourcecode.swift; path = DualPaneTabToggleTests.swift; sourceTree = "<group>"; };
		EA4508BE326A4AA4A9431F9C /* FileListNavigationTests.swift */ = {isa = PBXFileReference; lastKnownFileType = sourcecode.swift; path = FileListNavigationTests.swift; sourceTree = "<group>"; };
		3C1735FE6A464C589CE93CC5 /* MouseActivationAndDoubleClickTests.swift */ = {isa = PBXFileReference; lastKnownFileType = sourcecode.swift; path = MouseActivationAndDoubleClickTests.swift; sourceTree = "<group>"; };
		6430191D483B4D87B7C6091F /* ParentLinkVisibleTests.swift */ = {isa = PBXFileReference; lastKnownFileType = sourcecode.swift; path = ParentLinkVisibleTests.swift; sourceTree = "<group>"; };
		BCD969280A3B4FF48EEE4AF3 /* NexusLookExactTests.swift */ = {isa = PBXFileReference; lastKnownFileType = sourcecode.swift; path = NexusLookExactTests.swift; sourceTree = "<group>"; };
		F1ED0E01FFF145ECAB5386BA /* Assets.xcassets */ = {isa = PBXFileReference; lastKnownFileType = folder.assetcatalog; path = Assets.xcassets; sourceTree = "<group>"; };
		565373C9F7B644519FD9A10E /* MdirX.entitlements */ = {isa = PBXFileReference; lastKnownFileType = text.plist.entitlements; path = MdirX.entitlements; sourceTree = "<group>"; };
		42878C6AD5C243048C1B7DEF /* en/Localizable.strings */ = {isa = PBXFileReference; lastKnownFileType = text.plist.strings; name = Localizable.strings; path = Localization/en.lproj/Localizable.strings; sourceTree = "<group>"; };
		380C60D5A6D84C42B43DFAC6 /* ko/Localizable.strings */ = {isa = PBXFileReference; lastKnownFileType = text.plist.strings; name = Localizable.strings; path = Localization/ko.lproj/Localizable.strings; sourceTree = "<group>"; };
/* End PBXFileReference section */

/* Begin PBXFrameworksBuildPhase section */
		63BD8427A7144809A8F2D281 = {isa = PBXFrameworksBuildPhase; buildActionMask = 2147483647; files = (); runOnlyForDeploymentPostprocessing = 0; };
		34ADE1BE2FBB4FD08DDCCA9A = {isa = PBXFrameworksBuildPhase; buildActionMask = 2147483647; files = (); runOnlyForDeploymentPostprocessing = 0; };
		165B5A8ACA17461BA3D71D72 = {isa = PBXFrameworksBuildPhase; buildActionMask = 2147483647; files = (); runOnlyForDeploymentPostprocessing = 0; };
/* End PBXFrameworksBuildPhase section */

/* Begin PBXGroup section */
		9661448EBA0C4C239CE7B5AA = {
			isa = PBXGroup;
			children = (
				531E92563D254DC681529C58 /* App */,
				4565DDD1A1ED404EBEBBA7F2 /* Features */,
				8DBAB5A5609D47D58E244F37 /* Core */,
				DA99ADFFFB0642C7BDDE4B65 /* DesignSystem */,
				83D76A91C5DD44EDB35596EA /* Resources */,
				BBA9A03F45CB4188A3A5E4C2 /* Tests */,
				DDDCA9B47CDD47FABF145492 /* MdirX */,
				9213A506304346989EAF0CC1 /* Products */,
			);
			sourceTree = "<group>";
		};
		9213A506304346989EAF0CC1 /* Products */ = {
			isa = PBXGroup;
			children = (
				7059312B90454B01BEAE1A82 /* MdirX.app */,
				CB510CE324CD4B1D8486C665 /* MdirXTests.xctest */,
				9290CD2FC88A4AA5B66D628A /* MdirXUITests.xctest */,
			);
			name = Products;
			sourceTree = "<group>";
		};
		531E92563D254DC681529C58 /* App */ = {
			isa = PBXGroup;
			children = (D2A82DC6D49041618B9EC692);
			path = App;
			sourceTree = "<group>";
		};
		DA99ADFFFB0642C7BDDE4B65 /* DesignSystem */ = {
			isa = PBXGroup;
			children = (E62A5DEE93724E9A9C9BC97D);
			path = DesignSystem;
			sourceTree = "<group>";
		};
		4565DDD1A1ED404EBEBBA7F2 /* Features */ = {
			isa = PBXGroup;
			children = (
				CCEB68490EA84FDAB1FA6C08 /* DualPane */,
				F04D9426CDC447378AA2F987 /* Pane */,
			);
			path = Features;
			sourceTree = "<group>";
		};
		CCEB68490EA84FDAB1FA6C08 /* DualPane */ = {
			isa = PBXGroup;
			children = (
				68548F4751684D7183656C51,
				C1C457A15F1349F2A9056DCA,
				8FC94A831FFD479F89908E1C,
			);
			path = DualPane;
			sourceTree = "<group>";
		};
		F04D9426CDC447378AA2F987 /* Pane */ = {
			isa = PBXGroup;
			children = (
				FD877F99F03546608EA7E5F8,
				38184CDBA0774D2891596C41,
				F54507BA352B4A059F4E7E0F,
				9D68837E4FDE409694A025C8,
				4F69E0CEAAF14AC2B9E7EE3F,
				0461D200D0BA44E89CF5DC3E,
				25A85507908A437095161233,
				2A9E8A9530A443A6881A6874,
			);
			path = Pane;
			sourceTree = "<group>";
		};
		8DBAB5A5609D47D58E244F37 /* Core */ = {
			isa = PBXGroup;
			children = (
				49C6C0DDEC6349C589B927E3,
				3390D6C035244ED887C31C84,
				6E921550AD224F97AA271702,
			);
			path = Core;
			sourceTree = "<group>";
		};
		49C6C0DDEC6349C589B927E3 /* Persistence */ = {
			isa = PBXGroup;
			children = (919E9AAFBDA34F089FD473C1);
			path = Persistence;
			sourceTree = "<group>";
		};
		3390D6C035244ED887C31C84 /* FileSystem */ = {
			isa = PBXGroup;
			children = (
				47215BB1F1234C85B0009E43,
				E59590C666AB4F83B8AA6672,
			);
			path = FileSystem;
			sourceTree = "<group>";
		};
		6E921550AD224F97AA271702 /* Volumes */ = {
			isa = PBXGroup;
			children = (BF3E9D93B7B346A3AD70FE69);
			path = Volumes;
			sourceTree = "<group>";
		};
		83D76A91C5DD44EDB35596EA /* Resources */ = {
			isa = PBXGroup;
			children = (
				F1ED0E01FFF145ECAB5386BA,
				42878C6AD5C243048C1B7DEF,
				380C60D5A6D84C42B43DFAC6,
			);
			path = Resources;
			sourceTree = "<group>";
		};
		BBA9A03F45CB4188A3A5E4C2 /* Tests */ = {
			isa = PBXGroup;
			children = (
				81796AC550CC4F68B49667D7 /* UnitTests */,
				F7D4E01523704089AC9019C8 /* UITests */,
			);
			path = Tests;
			sourceTree = "<group>";
		};
		81796AC550CC4F68B49667D7 /* UnitTests */ = {
			isa = PBXGroup;
			children = (
				49E94D49DE5D42AA9CEB32C6,
				8AE8C68EF2874FB9A49C67C4,
				3278B8425A6949448335E0EC,
				821173377B044246ABFF1525,
				7B5443D99E4044289D77B902,
				7AEA94EC7D994144BF2E6860,
				B1D84AE98CC24C68ABE4B65F,
				E34D4403ACAA40F69CE6C5A2,
				ADFD3E822D1B4543A2C543AA,
				82D279CF6878495C84C862F7,
				CECF22B6D00541F69B729556,
				ED664745DB88480BA4A3CD84,
			);
			path = UnitTests;
			sourceTree = "<group>";
		};
		F7D4E01523704089AC9019C8 /* UITests */ = {
			isa = PBXGroup;
			children = (
				2986B0D12C624B528DF6A597,
				09CDD5E6F6A9483D8CEEBD64,
				EA4508BE326A4AA4A9431F9C,
				3C1735FE6A464C589CE93CC5,
				6430191D483B4D87B7C6091F,
				BCD969280A3B4FF48EEE4AF3,
			);
			path = UITests;
			sourceTree = "<group>";
		};
		DDDCA9B47CDD47FABF145492 /* MdirX */ = {
			isa = PBXGroup;
			children = (565373C9F7B644519FD9A10E);
			path = MdirX;
			sourceTree = "<group>";
		};
/* End PBXGroup section */

/* Begin PBXNativeTarget section */
		3BE00735F0024A3EAEA20BC0 /* MdirX */ = {
			isa = PBXNativeTarget;
			buildConfigurationList = F19486CC787D42FCBABBBE10;
			buildPhases = (4ADF91C841674195A66DCCED, 63BD8427A7144809A8F2D281, 7F17C98D25824304B3A6FB9F);
			buildRules = ();
			dependencies = ();
			name = MdirX;
			productName = MdirX;
			productReference = 7059312B90454B01BEAE1A82;
			productType = "com.apple.product-type.application";
		};
		D063D7137E4B4040AA7EDDD6 /* MdirXTests */ = {
			isa = PBXNativeTarget;
			buildConfigurationList = 65FA67C3CBF04C11AE983526;
			buildPhases = (F97E44F30A56419D808E06AE, 34ADE1BE2FBB4FD08DDCCA9A);
			buildRules = ();
			dependencies = (8E896AB32E5E4C7D99E10C0F);
			name = MdirXTests;
			productName = MdirXTests;
			productReference = CB510CE324CD4B1D8486C665;
			productType = "com.apple.product-type.bundle.unit-test";
		};
		53CA4804753541F09A8A1CAF /* MdirXUITests */ = {
			isa = PBXNativeTarget;
			buildConfigurationList = B67CF73AAC8549CCA94B14CE;
			buildPhases = (06DB0CF7152A4F85BAB1C2C2, 165B5A8ACA17461BA3D71D72);
			buildRules = ();
			dependencies = (3049646E4FE441478ED99CC9);
			name = MdirXUITests;
			productName = MdirXUITests;
			productReference = 9290CD2FC88A4AA5B66D628A;
			productType = "com.apple.product-type.bundle.ui-testing";
		};
/* End PBXNativeTarget section */

/* Begin PBXProject section */
		7AF6875FB0CD4C4D881494D8 /* Project object */ = {
			isa = PBXProject;
			attributes = {
				BuildIndependentTargetsInParallel = 1;
				LastSwiftUpdateCheck = 1600;
				LastUpgradeCheck = 1600;
				TargetAttributes = {
					3BE00735F0024A3EAEA20BC0 = { CreatedOnToolsVersion = 16.0; };
					D063D7137E4B4040AA7EDDD6 = { CreatedOnToolsVersion = 16.0; TestTargetID = 3BE00735F0024A3EAEA20BC0; };
					53CA4804753541F09A8A1CAF = { CreatedOnToolsVersion = 16.0; TestTargetID = 3BE00735F0024A3EAEA20BC0; };
				};
			};
			buildConfigurationList = 796487F083E9482F813A9168;
			compatibilityVersion = "Xcode 14.0";
			developmentRegion = en;
			hasScannedForEncodings = 0;
			knownRegions = (en, ko, Base);
			mainGroup = 9661448EBA0C4C239CE7B5AA;
			productRefGroup = 9213A506304346989EAF0CC1;
			projectDirPath = "";
			projectRoot = "";
			targets = (3BE00735F0024A3EAEA20BC0, D063D7137E4B4040AA7EDDD6, 53CA4804753541F09A8A1CAF);
		};
/* End PBXProject section */

/* Begin PBXResourcesBuildPhase section */
		7F17C98D25824304B3A6FB9F = {
			isa = PBXResourcesBuildPhase;
			buildActionMask = 2147483647;
			files = (
				F4C42C0999934DC990155B18,
				9FAF60B493A4473BBD5F3FD6,
				4D082D51B2CA4202A52F7F20,
			);
			runOnlyForDeploymentPostprocessing = 0;
		};
/* End PBXResourcesBuildPhase section */

/* Begin PBXSourcesBuildPhase section */
		4ADF91C841674195A66DCCED /* App Sources */ = {
			isa = PBXSourcesBuildPhase;
			buildActionMask = 2147483647;
			files = (
				1466BC3599534129B431A12D,
				38458F6A4E7F4AA5BC7FE55D,
				DEC90E224680441B8BB18CC9,
				01EC933CA2D94E59AB9B8B71,
				2FB4D6E16C3645E697551EF1,
				A95CBDEBE8B34CC0A7698C16,
				24E4339E78F04CBB84577B8D,
				53F768D5648C49A29A2A44D9,
				0CF667AC93E84C048B69C29E,
				EEB2E0905C5E4B8FB1166BED,
				9AD83631607548918256B0DC,
				B0B80D15425E43A6B4BC747A,
				442F2A3D3D12499485B1F5CA,
				F9DA535F640148CAAC3223D5,
				3EB3D9DC201D41B9B485550F,
				F4E12066415646CF993E0BB8,
				DA3F3DAE64CC473F95DB8758,
			);
			runOnlyForDeploymentPostprocessing = 0;
		};
		F97E44F30A56419D808E06AE /* Unit Test Sources */ = {
			isa = PBXSourcesBuildPhase;
			buildActionMask = 2147483647;
			files = (
				EE9BC7EFD4734F689EA399B3,
				6C148193998346D29556D287,
				45AD4D751083483B8187715F,
				D8905EA20DB9456D99466DF2,
				F9980B8C88F842E687EEE379,
				176B812A9AB449359F605EB8,
				3993605C117A4AF2B9FE7098,
				1CA4989942FD4EB9B8202EE8,
				96285828F21A46D2B36FEE3C,
				BDF775327AE44191A7A8E7F2,
				4DA490CE2DB740CFAC13DEEA,
				7ECCB0A9A3E04686943572C0,
			);
			runOnlyForDeploymentPostprocessing = 0;
		};
		06DB0CF7152A4F85BAB1C2C2 /* UI Test Sources */ = {
			isa = PBXSourcesBuildPhase;
			buildActionMask = 2147483647;
			files = (
				34DAF69A26A94719AF5D01D2,
				35EE6FF9832541D99EE82EBD,
				609C72CFAF7949B5A896A63D,
				25556B7DB11A4D27AFA7C1DF,
				67803CEA53074DD78049944C,
				702E39D221EC43B28A7EED0C,
			);
			runOnlyForDeploymentPostprocessing = 0;
		};
/* End PBXSourcesBuildPhase section */

/* Begin PBXTargetDependency section */
		8E896AB32E5E4C7D99E10C0F = {isa = PBXTargetDependency; target = 3BE00735F0024A3EAEA20BC0; targetProxy = 94D03F7910704FE5B7A48E0C; };
		3049646E4FE441478ED99CC9 = {isa = PBXTargetDependency; target = 3BE00735F0024A3EAEA20BC0; targetProxy = B2C1B1FF64C34F54B548EBAE; };
/* End PBXTargetDependency section */

/* Begin PBXContainerItemProxy section */
		94D03F7910704FE5B7A48E0C = {isa = PBXContainerItemProxy; containerPortal = 7AF6875FB0CD4C4D881494D8; proxyType = 1; remoteGlobalIDString = 3BE00735F0024A3EAEA20BC0; remoteInfo = MdirX; };
		B2C1B1FF64C34F54B548EBAE = {isa = PBXContainerItemProxy; containerPortal = 7AF6875FB0CD4C4D881494D8; proxyType = 1; remoteGlobalIDString = 3BE00735F0024A3EAEA20BC0; remoteInfo = MdirX; };
/* End PBXContainerItemProxy section */

/* Begin XCBuildConfiguration section */
		1099119B9C2943218A3DAB65 /* Debug */ = {
			isa = XCBuildConfiguration;
			buildSettings = {
				ASETCATALOG_COMPILER_APPICON_NAME = AppIcon;
				CODE_SIGN_ENTITLEMENTS = MdirX/MdirX.entitlements;
				CODE_SIGN_STYLE = Automatic;
				COMBINE_HIDPI_IMAGES = YES;
				CURRENT_PROJECT_VERSION = 1;
				DEAD_CODE_STRIPPING = YES;
				DEVELOPMENT_TEAM = "";
				ENABLE_HARDENED_RUNTIME = YES;
				ENABLE_PREVIEWS = NO;
				GENERATE_INFOPLIST_FILE = YES;
				INFOPLIST_KEY_CFBundleDisplayName = MdirX;
				INFOPLIST_KEY_LSApplicationCategoryType = "public.app-category.utilities";
				LD_RUNPATH_SEARCH_PATHS = ("$(inherited)", "@executable_path/../Frameworks");
				MACOSX_DEPLOYMENT_TARGET = 15.0;
				MARKETING_VERSION = 0.1.0;
				PRODUCT_BUNDLE_IDENTIFIER = app.mdirx.mac;
				PRODUCT_NAME = "$(TARGET_NAME)";
				SWIFT_EMIT_LOC_STRINGS = YES;
				SWIFT_STRICT_CONCURRENCY = complete;
				SWIFT_VERSION = 6.0;
			};
			name = Debug;
		};
		DDBBF4205092449498B7B08A /* Release */ = {
			isa = XCBuildConfiguration;
			buildSettings = {
				ASETCATALOG_COMPILER_APPICON_NAME = AppIcon;
				CODE_SIGN_ENTITLEMENTS = MdirX/MdirX.entitlements;
				CODE_SIGN_STYLE = Automatic;
				COMBINE_HIDPI_IMAGES = YES;
				CURRENT_PROJECT_VERSION = 1;
				DEAD_CODE_STRIPPING = YES;
				DEVELOPMENT_TEAM = "";
				ENABLE_HARDENED_RUNTIME = YES;
				ENABLE_PREVIEWS = NO;
				GENERATE_INFOPLIST_FILE = YES;
				INFOPLIST_KEY_CFBundleDisplayName = MdirX;
				INFOPLIST_KEY_LSApplicationCategoryType = "public.app-category.utilities";
				LD_RUNPATH_SEARCH_PATHS = ("$(inherited)", "@executable_path/../Frameworks");
				ARCHS = (arm64, x86_64);
				MACOSX_DEPLOYMENT_TARGET = 15.0;
				MARKETING_VERSION = 0.1.0;
				PRODUCT_BUNDLE_IDENTIFIER = app.mdirx.mac;
				PRODUCT_NAME = "$(TARGET_NAME)";
				SWIFT_EMIT_LOC_STRINGS = YES;
				SWIFT_STRICT_CONCURRENCY = complete;
				SWIFT_VERSION = 6.0;
			};
			name = Release;
		};
		92434BD1349045698CEB865E /* Debug */ = {
			isa = XCBuildConfiguration;
			buildSettings = {
				BUNDLE_LOADER = "$(TEST_HOST)";
				CODE_SIGN_STYLE = Automatic;
				CURRENT_PROJECT_VERSION = 1;
				DEVELOPMENT_TEAM = "";
				GENERATE_INFOPLIST_FILE = YES;
				MACOSX_DEPLOYMENT_TARGET = 15.0;
				MARKETING_VERSION = 0.1.0;
				PRODUCT_BUNDLE_IDENTIFIER = app.mdirx.mac.tests;
				PRODUCT_NAME = "$(TARGET_NAME)";
				SWIFT_STRICT_CONCURRENCY = complete;
				SWIFT_VERSION = 6.0;
				TEST_HOST = "$(BUILT_PRODUCTS_DIR)/MdirX.app/$(BUNDLE_EXECUTABLE_FOLDER_PATH)/MdirX";
			};
			name = Debug;
		};
		7B891F4DAB874DFD8672723E /* Release */ = {
			isa = XCBuildConfiguration;
			buildSettings = {
				BUNDLE_LOADER = "$(TEST_HOST)";
				CODE_SIGN_STYLE = Automatic;
				CURRENT_PROJECT_VERSION = 1;
				DEVELOPMENT_TEAM = "";
				GENERATE_INFOPLIST_FILE = YES;
				ARCHS = (arm64, x86_64);
				MACOSX_DEPLOYMENT_TARGET = 15.0;
				MARKETING_VERSION = 0.1.0;
				PRODUCT_BUNDLE_IDENTIFIER = app.mdirx.mac.tests;
				PRODUCT_NAME = "$(TARGET_NAME)";
				SWIFT_STRICT_CONCURRENCY = complete;
				SWIFT_VERSION = 6.0;
				TEST_HOST = "$(BUILT_PRODUCTS_DIR)/MdirX.app/$(BUNDLE_EXECUTABLE_FOLDER_PATH)/MdirX";
			};
			name = Release;
		};
		9B17F51EA0DB4267A088B3E7 /* Debug */ = {
			isa = XCBuildConfiguration;
			buildSettings = {
				CODE_SIGN_STYLE = Automatic;
				CURRENT_PROJECT_VERSION = 1;
				DEVELOPMENT_TEAM = "";
				GENERATE_INFOPLIST_FILE = YES;
				MACOSX_DEPLOYMENT_TARGET = 15.0;
				MARKETING_VERSION = 0.1.0;
				PRODUCT_BUNDLE_IDENTIFIER = app.mdirx.mac.uitests;
				PRODUCT_NAME = "$(TARGET_NAME)";
				SWIFT_STRICT_CONCURRENCY = complete;
				SWIFT_VERSION = 6.0;
				TEST_TARGET_NAME = MdirX;
			};
			name = Debug;
		};
		FCE4DD6447CD49CB9A289640 /* Release */ = {
			isa = XCBuildConfiguration;
			buildSettings = {
				CODE_SIGN_STYLE = Automatic;
				CURRENT_PROJECT_VERSION = 1;
				DEVELOPMENT_TEAM = "";
				GENERATE_INFOPLIST_FILE = YES;
				ARCHS = (arm64, x86_64);
				MACOSX_DEPLOYMENT_TARGET = 15.0;
				MARKETING_VERSION = 0.1.0;
				PRODUCT_BUNDLE_IDENTIFIER = app.mdirx.mac.uitests;
				PRODUCT_NAME = "$(TARGET_NAME)";
				SWIFT_STRICT_CONCURRENCY = complete;
				SWIFT_VERSION = 6.0;
				TEST_TARGET_NAME = MdirX;
			};
			name = Release;
		};
		93E8D7702E084BFC9EF279AE /* Debug */ = {
			isa = XCBuildConfiguration;
			buildSettings = {
				ALWAYS_SEARCH_USER_PATHS = NO;
				CLANG_ANALYZER_NONNULL = YES;
				CLANG_ENABLE_MODULES = YES;
				CLANG_ENABLE_OBJC_ARC = YES;
				COPY_PHASE_STRIP = NO;
				DEBUG_INFORMATION_FORMAT = dwarf;
				ENABLE_TESTABILITY = YES;
				GCC_OPTIMIZATION_LEVEL = 0;
				GCC_PREPROCESSOR_DEFINITIONS = ("DEBUG=1", "$(inherited)");
				GCC_WARN_ABOUT_RETURN_TYPE = YES_ERROR;
				GCC_WARN_UNUSED_VARIABLE = YES;
				LOCALIZATION_PREFERS_STRING_CATALOGS = YES;
				MACOSX_DEPLOYMENT_TARGET = 15.0;
				MTL_ENABLE_DEBUG_INFO = INCLUDE_SOURCE;
				ONLY_ACTIVE_ARCH = YES;
				SDKROOT = macosx;
				SWIFT_ACTIVE_COMPILATION_CONDITIONS = "DEBUG $(inherited)";
				SWIFT_OPTIMIZATION_LEVEL = "-Onone";
			};
			name = Debug;
		};
		A3E6CEE7C3204FED8848F996 /* Release */ = {
			isa = XCBuildConfiguration;
			buildSettings = {
				ALWAYS_SEARCH_USER_PATHS = NO;
				CLANG_ANALYZER_NONNULL = YES;
				CLANG_ENABLE_MODULES = YES;
				CLANG_ENABLE_OBJC_ARC = YES;
				COPY_PHASE_STRIP = NO;
				DEBUG_INFORMATION_FORMAT = "dwarf-with-dsym";
				ENABLE_NS_ASSERTIONS = NO;
				GCC_WARN_ABOUT_RETURN_TYPE = YES_ERROR;
				GCC_WARN_UNUSED_VARIABLE = YES;
				LOCALIZATION_PREFERS_STRING_CATALOGS = YES;
				MACOSX_DEPLOYMENT_TARGET = 15.0;
				MTL_ENABLE_DEBUG_INFO = NO;
				ONLY_ACTIVE_ARCH = NO;
				SDKROOT = macosx;
				SWIFT_COMPILATION_MODE = wholemodule;
			};
			name = Release;
		};
/* End XCBuildConfiguration section */

/* Begin XCConfigurationList section */
		F19486CC787D42FCBABBBE10 = {isa = XCConfigurationList; buildConfigurations = (1099119B9C2943218A3DAB65, DDBBF4205092449498B7B08A); defaultConfigurationIsVisible = 0; defaultConfigurationName = Release; };
		65FA67C3CBF04C11AE983526 = {isa = XCConfigurationList; buildConfigurations = (92434BD1349045698CEB865E, 7B891F4DAB874DFD8672723E); defaultConfigurationIsVisible = 0; defaultConfigurationName = Release; };
		B67CF73AAC8549CCA94B14CE = {isa = XCConfigurationList; buildConfigurations = (9B17F51EA0DB4267A088B3E7, FCE4DD6447CD49CB9A289640); defaultConfigurationIsVisible = 0; defaultConfigurationName = Release; };
		796487F083E9482F813A9168 = {isa = XCConfigurationList; buildConfigurations = (93E8D7702E084BFC9EF279AE, A3E6CEE7C3204FED8848F996); defaultConfigurationIsVisible = 0; defaultConfigurationName = Release; };
/* End XCConfigurationList section */

	};
	rootObject = 7AF6875FB0CD4C4D881494D8 /* Project object */;
}
